PODS:
  - Alamofire (4.8.1)
  - CryptoSwift (0.15.0)
  - HappyDNS (0.3.15)
  - IQKeyboardManagerSwift (6.2.0)
  - Kingfisher (5.3.0)
  - mob_smssdk (3.2.3):
    - MOBFoundation
  - MOBFoundation (3.2.2)
  - Qiniu (7.2.5):
    - HappyDNS (~> 0.3)
  - Schedule (1.0.0)
  - SwiftyJSON (4.2.0)
  - TXIMSDK_iOS (4.2.9)
  - TXIMSDK_TUIKit_iOS (4.2.9)

DEPENDENCIES:
  - Alamofire
  - CryptoSwift
  - IQKeyboardManagerSwift
  - Kingfisher
  - mob_smssdk
  - Qiniu
  - Schedule
  - SwiftyJSON
  - TXIMSDK_iOS
  - TXIMSDK_TUIKit_iOS

SPEC REPOS:
  https://github.com/cocoapods/specs.git:
    - Alamofire
    - CryptoSwift
    - HappyDNS
    - IQKeyboardManagerSwift
    - Kingfisher
    - mob_smssdk
    - MOBFoundation
    - Qiniu
    - Schedule
    - SwiftyJSON
    - TXIMSDK_iOS
    - TXIMSDK_TUIKit_iOS

SPEC CHECKSUMS:
  Alamofire: 16ce2c353fb72865124ddae8a57c5942388f4f11
  CryptoSwift: 769f58a9e89f64e8796c2e59ce5f002dc81a2438
  HappyDNS: 00c15e651a347206e58a20503a32a5564589b56a
  IQKeyboardManagerSwift: b07ccf9d8cafe993dcd6cb794eb4ba34611a0c4e
  Kingfisher: 4692c783ffb99e9e2e40a6eb3e518c3b96c6fa8c
  mob_smssdk: cdb6a31d4fd4667ed928e2eca03f21ad89ebc05c
  MOBFoundation: b5ff4038ddb9a0f06b685b86408f905a10aa147c
  Qiniu: 909b408ee489ea54827e9717be90b94bc9dfbc48
  Schedule: 64f334e01daa6f80201ab147b59cb4f1e118ae74
  SwiftyJSON: c4bcba26dd9ec7a027fc8eade48e2c911f229e96
  TXIMSDK_iOS: b05c2c2af3ccc6257e8e0078dbeefcb3459fb56c
  TXIMSDK_TUIKit_iOS: 2adaf30dfc9a6eea94f7de6efd25349e877a15f7

PODFILE CHECKSUM: e788a065ab2a963470a2e6d7a3aa21b7f1b6519c

COCOAPODS: 1.5.3
