PODS:
  - Alamofire (4.8.1)
  - CryptoSwift (0.15.0)
  - HappyDNS (0.3.15)
  - IQKeyboardManagerSwift (6.2.0)
  - Kingfisher (5.3.0)
  - MessengerKit (0.0.1)
  - mob_smssdk (3.2.3):
    - MOBFoundation
  - MOBFoundation (3.2.2)
  - Qiniu (7.2.5):
    - HappyDNS (~> 0.3)
  - RongCloudIM/IMLib (2.8.32)
  - Schedule (1.0.0)
  - SwiftyJSON (4.2.0)

DEPENDENCIES:
  - Alamofire
  - CryptoSwift
  - IQKeyboardManagerSwift
  - Kingfisher
  - MessengerKit
  - mob_smssdk
  - Qiniu
  - RongCloudIM/IMLib (~> 2.8.3)
  - Schedule
  - SwiftyJSON

SPEC REPOS:
  https://github.com/cocoapods/specs.git:
    - Alamofire
    - CryptoSwift
    - HappyDNS
    - IQKeyboardManagerSwift
    - Kingfisher
    - MessengerKit
    - mob_smssdk
    - MOBFoundation
    - Qiniu
    - RongCloudIM
    - Schedule
    - SwiftyJSON

SPEC CHECKSUMS:
  Alamofire: 16ce2c353fb72865124ddae8a57c5942388f4f11
  CryptoSwift: 769f58a9e89f64e8796c2e59ce5f002dc81a2438
  HappyDNS: 00c15e651a347206e58a20503a32a5564589b56a
  IQKeyboardManagerSwift: b07ccf9d8cafe993dcd6cb794eb4ba34611a0c4e
  Kingfisher: 4692c783ffb99e9e2e40a6eb3e518c3b96c6fa8c
  MessengerKit: 904b18d4e171b1154543096dae9d4327b70e4047
  mob_smssdk: cdb6a31d4fd4667ed928e2eca03f21ad89ebc05c
  MOBFoundation: b5ff4038ddb9a0f06b685b86408f905a10aa147c
  Qiniu: 909b408ee489ea54827e9717be90b94bc9dfbc48
  RongCloudIM: 48bfc2fcb8d7cae8ce1e19cb5fb26d6d90616375
  Schedule: 64f334e01daa6f80201ab147b59cb4f1e118ae74
  SwiftyJSON: c4bcba26dd9ec7a027fc8eade48e2c911f229e96

PODFILE CHECKSUM: 78f45000870269f9a6bdf68d8e66c1a03dd9e36e

COCOAPODS: 1.5.3
