// !$*UTF8*$!
{
	archiveVersion = 1;
	classes = {
	};
	objectVersion = 50;
	objects = {

/* Begin PBXBuildFile section */
		0C0A54A6216B977E00195DF1 /* RealPet.swift in Sources */ = {isa = PBXBuildFile; fileRef = 0C0A54A5216B977E00195DF1 /* RealPet.swift */; };
		0C0A54AC216CF64600195DF1 /* PJUserDetailRealPetTableViewCell.swift in Sources */ = {isa = PBXBuildFile; fileRef = 0C0A54AA216CF64600195DF1 /* PJUserDetailRealPetTableViewCell.swift */; };
		0C0A54AD216CF64600195DF1 /* PJUserDateilsRealPetColletionView.swift in Sources */ = {isa = PBXBuildFile; fileRef = 0C0A54AB216CF64600195DF1 /* PJUserDateilsRealPetColletionView.swift */; };
		0C1F6FA421B391E500304CD8 /* PJAlbumTableView.swift in Sources */ = {isa = PBXBuildFile; fileRef = 0C1F6FA321B391E500304CD8 /* PJAlbumTableView.swift */; };
		0C1F6FA621B3920500304CD8 /* PJAlbumDetailCollectionView.swift in Sources */ = {isa = PBXBuildFile; fileRef = 0C1F6FA521B3920500304CD8 /* PJAlbumDetailCollectionView.swift */; };
		0C1F6FAA21B3924400304CD8 /* PJAlbumDetailCollectionViewCell.swift in Sources */ = {isa = PBXBuildFile; fileRef = 0C1F6FA821B3924400304CD8 /* PJAlbumDetailCollectionViewCell.swift */; };
		0C1F6FAB21B3924400304CD8 /* PJAlbumDetailCollectionViewCell.xib in Resources */ = {isa = PBXBuildFile; fileRef = 0C1F6FA921B3924400304CD8 /* PJAlbumDetailCollectionViewCell.xib */; };
		0C1F6FAF21B3925E00304CD8 /* PJAlbumTableViewCell.swift in Sources */ = {isa = PBXBuildFile; fileRef = 0C1F6FAD21B3925E00304CD8 /* PJAlbumTableViewCell.swift */; };
		0C1F6FB021B3925E00304CD8 /* PJAlbumTableViewCell.xib in Resources */ = {isa = PBXBuildFile; fileRef = 0C1F6FAE21B3925E00304CD8 /* PJAlbumTableViewCell.xib */; };
		0C1F6FB421B392EF00304CD8 /* PJAlbumDataController.swift in Sources */ = {isa = PBXBuildFile; fileRef = 0C1F6FB321B392EF00304CD8 /* PJAlbumDataController.swift */; };
		0C55E2C5215A61E3000D8815 /* PJHomeViewController.swift in Sources */ = {isa = PBXBuildFile; fileRef = 0C55E2C4215A61E3000D8815 /* PJHomeViewController.swift */; };
		0C55E2CE215A62BE000D8815 /* PJPlayViewController.swift in Sources */ = {isa = PBXBuildFile; fileRef = 0C55E2CD215A62BE000D8815 /* PJPlayViewController.swift */; };
		0C55E2D0215A62C7000D8815 /* PJBreedsViewController.swift in Sources */ = {isa = PBXBuildFile; fileRef = 0C55E2CF215A62C7000D8815 /* PJBreedsViewController.swift */; };
		0C55E2D2215A62CD000D8815 /* PJUserDetailsViewController.swift in Sources */ = {isa = PBXBuildFile; fileRef = 0C55E2D1215A62CD000D8815 /* PJUserDetailsViewController.swift */; };
		0C55E2D7215A795A000D8815 /* Localizable.strings in Resources */ = {isa = PBXBuildFile; fileRef = 0C55E2D9215A795A000D8815 /* Localizable.strings */; };
		0C55E2DD215A8055000D8815 /* TabBar.swift in Sources */ = {isa = PBXBuildFile; fileRef = 0C55E2DC215A8055000D8815 /* TabBar.swift */; };
		0C55E2E2215A8422000D8815 /* PJStatic.swift in Sources */ = {isa = PBXBuildFile; fileRef = 0C55E2E1215A8422000D8815 /* PJStatic.swift */; };
		0C55E2E4215A84EA000D8815 /* UIViewPosition.swift in Sources */ = {isa = PBXBuildFile; fileRef = 0C55E2E3215A84EA000D8815 /* UIViewPosition.swift */; };
		0C55E2E8215B703C000D8815 /* PJUserLoginViewController.swift in Sources */ = {isa = PBXBuildFile; fileRef = 0C55E2E6215B703C000D8815 /* PJUserLoginViewController.swift */; };
		0C55E2E9215B703C000D8815 /* PJUserLoginViewController.xib in Resources */ = {isa = PBXBuildFile; fileRef = 0C55E2E7215B703C000D8815 /* PJUserLoginViewController.xib */; };
		0C55E2ED215B7DB0000D8815 /* PJUserForgetViewController.swift in Sources */ = {isa = PBXBuildFile; fileRef = 0C55E2EB215B7DB0000D8815 /* PJUserForgetViewController.swift */; };
		0C55E2EE215B7DB0000D8815 /* PJUserForgetViewController.xib in Resources */ = {isa = PBXBuildFile; fileRef = 0C55E2EC215B7DB0000D8815 /* PJUserForgetViewController.xib */; };
		0C55E2F2215D2D76000D8815 /* PJUserInfoViewController.swift in Sources */ = {isa = PBXBuildFile; fileRef = 0C55E2F0215D2D76000D8815 /* PJUserInfoViewController.swift */; };
		0C55E2F3215D2D76000D8815 /* PJUserInfoViewController.xib in Resources */ = {isa = PBXBuildFile; fileRef = 0C55E2F1215D2D76000D8815 /* PJUserInfoViewController.xib */; };
		0C55E2F7215F570D000D8815 /* PJUserRegisterViewController.swift in Sources */ = {isa = PBXBuildFile; fileRef = 0C55E2F5215F570D000D8815 /* PJUserRegisterViewController.swift */; };
		0C55E2F8215F570D000D8815 /* PJUserRegisterViewController.xib in Resources */ = {isa = PBXBuildFile; fileRef = 0C55E2F6215F570D000D8815 /* PJUserRegisterViewController.xib */; };
		0C55E2FC215F5EA9000D8815 /* PJUser.swift in Sources */ = {isa = PBXBuildFile; fileRef = 0C55E2FB215F5EA9000D8815 /* PJUser.swift */; };
		0C55E3012161B247000D8815 /* PJWelcomeViewController.swift in Sources */ = {isa = PBXBuildFile; fileRef = 0C55E2FF2161B247000D8815 /* PJWelcomeViewController.swift */; };
		0C55E3022161B247000D8815 /* PJWelcomeViewController.xib in Resources */ = {isa = PBXBuildFile; fileRef = 0C55E3002161B247000D8815 /* PJWelcomeViewController.xib */; };
		0C55E3082161BAB6000D8815 /* PJBaseViewController.swift in Sources */ = {isa = PBXBuildFile; fileRef = 0C55E3072161BAB6000D8815 /* PJBaseViewController.swift */; };
		0C55E30A2162190B000D8815 /* CALayer_UIColor.swift in Sources */ = {isa = PBXBuildFile; fileRef = 0C55E3092162190B000D8815 /* CALayer_UIColor.swift */; };
		0C599EB7216CFE7A00FC2E37 /* PJRealPetDetailsViewController.swift in Sources */ = {isa = PBXBuildFile; fileRef = 0C599EB5216CFE7A00FC2E37 /* PJRealPetDetailsViewController.swift */; };
		0C599EB8216CFE7A00FC2E37 /* PJRealPetDetailsViewController.xib in Resources */ = {isa = PBXBuildFile; fileRef = 0C599EB6216CFE7A00FC2E37 /* PJRealPetDetailsViewController.xib */; };
		0C599EC3217032A000FC2E37 /* PJUserDetailsVirtualPetTableViewCell.swift in Sources */ = {isa = PBXBuildFile; fileRef = 0C599EC2217032A000FC2E37 /* PJUserDetailsVirtualPetTableViewCell.swift */; };
		0C599EC72170354100FC2E37 /* PJUserDetailsVirtualPetCollectionView.swift in Sources */ = {isa = PBXBuildFile; fileRef = 0C599EC62170354100FC2E37 /* PJUserDetailsVirtualPetCollectionView.swift */; };
		0C599ECA21703BCB00FC2E37 /* PJVirtualPetViewController.swift in Sources */ = {isa = PBXBuildFile; fileRef = 0C599EC821703BCB00FC2E37 /* PJVirtualPetViewController.swift */; };
		0C599ECB21703BCB00FC2E37 /* PJVirtualPetViewController.xib in Resources */ = {isa = PBXBuildFile; fileRef = 0C599EC921703BCB00FC2E37 /* PJVirtualPetViewController.xib */; };
		0C599ECE21703C5200FC2E37 /* PJCreateRealPetViewController.swift in Sources */ = {isa = PBXBuildFile; fileRef = 0C599ECC21703C5200FC2E37 /* PJCreateRealPetViewController.swift */; };
		0C599ECF21703C5200FC2E37 /* PJCreateRealPetViewController.xib in Resources */ = {isa = PBXBuildFile; fileRef = 0C599ECD21703C5200FC2E37 /* PJCreateRealPetViewController.xib */; };
		0C599ED521703CDA00FC2E37 /* PJCreateVirtualPetViewController.swift in Sources */ = {isa = PBXBuildFile; fileRef = 0C599ED321703CDA00FC2E37 /* PJCreateVirtualPetViewController.swift */; };
		0C599ED621703CDA00FC2E37 /* PJCreateVirtualPetViewController.xib in Resources */ = {isa = PBXBuildFile; fileRef = 0C599ED421703CDA00FC2E37 /* PJCreateVirtualPetViewController.xib */; };
		0C599ED92170407500FC2E37 /* PJUserDetailsMoneyTableViewCell.swift in Sources */ = {isa = PBXBuildFile; fileRef = 0C599ED72170407500FC2E37 /* PJUserDetailsMoneyTableViewCell.swift */; };
		0C599EDA2170407500FC2E37 /* PJUserDetailsMoneyTableViewCell.xib in Resources */ = {isa = PBXBuildFile; fileRef = 0C599ED82170407500FC2E37 /* PJUserDetailsMoneyTableViewCell.xib */; };
		0C599EDF2170983D00FC2E37 /* PJCreateVirtualPetChoiceGenderViewController.swift in Sources */ = {isa = PBXBuildFile; fileRef = 0C599EDD2170983D00FC2E37 /* PJCreateVirtualPetChoiceGenderViewController.swift */; };
		0C599EE02170983D00FC2E37 /* PJCreateVirtualPetChoiceGenderViewController.xib in Resources */ = {isa = PBXBuildFile; fileRef = 0C599EDE2170983D00FC2E37 /* PJCreateVirtualPetChoiceGenderViewController.xib */; };
		0C599EE4217099E900FC2E37 /* PJUserCreateVirtualPetChoiceNameViewController.swift in Sources */ = {isa = PBXBuildFile; fileRef = 0C599EE2217099E900FC2E37 /* PJUserCreateVirtualPetChoiceNameViewController.swift */; };
		0C599EE5217099E900FC2E37 /* PJUserCreateVirtualPetChoiceNameViewController.xib in Resources */ = {isa = PBXBuildFile; fileRef = 0C599EE3217099E900FC2E37 /* PJUserCreateVirtualPetChoiceNameViewController.xib */; };
		0C599EEB2171C00200FC2E37 /* VirtualPet.swift in Sources */ = {isa = PBXBuildFile; fileRef = 0C599EEA2171C00200FC2E37 /* VirtualPet.swift */; };
		0C5B5D01225DBEE400392E21 /* PJIMMessageHomeTableView.swift in Sources */ = {isa = PBXBuildFile; fileRef = 0C5B5D00225DBEE400392E21 /* PJIMMessageHomeTableView.swift */; };
		0C5B5D06225DBF1500392E21 /* PJIMMessageHomeTableViewCell.swift in Sources */ = {isa = PBXBuildFile; fileRef = 0C5B5D04225DBF1500392E21 /* PJIMMessageHomeTableViewCell.swift */; };
		0C5B5D07225DBF1500392E21 /* PJIMMessageHomeTableViewCell.xib in Resources */ = {isa = PBXBuildFile; fileRef = 0C5B5D05225DBF1500392E21 /* PJIMMessageHomeTableViewCell.xib */; };
		0C5E6337216241CF00A90762 /* PJBaseTipsView.swift in Sources */ = {isa = PBXBuildFile; fileRef = 0C5E6336216241CF00A90762 /* PJBaseTipsView.swift */; };
		0C5E63392162444400A90762 /* PJUserInfoSeleteAvatarView.swift in Sources */ = {isa = PBXBuildFile; fileRef = 0C5E63382162444400A90762 /* PJUserInfoSeleteAvatarView.swift */; };
		0C5E633B21624D1F00A90762 /* PJUserInfoAvatarSelectCollectionView.swift in Sources */ = {isa = PBXBuildFile; fileRef = 0C5E633A21624D1F00A90762 /* PJUserInfoAvatarSelectCollectionView.swift */; };
		0C5E633E216309C300A90762 /* PJNetwork.swift in Sources */ = {isa = PBXBuildFile; fileRef = 0C5E633D216309C300A90762 /* PJNetwork.swift */; };
		0C5E634021635FA500A90762 /* PJNetworkUrls.swift in Sources */ = {isa = PBXBuildFile; fileRef = 0C5E633F21635FA500A90762 /* PJNetworkUrls.swift */; };
		0C5E634321644F7900A90762 /* String_time.swift in Sources */ = {isa = PBXBuildFile; fileRef = 0C5E634221644F7900A90762 /* String_time.swift */; };
		0C5E63482164FE3900A90762 /* UIColor_Custom.swift in Sources */ = {isa = PBXBuildFile; fileRef = 0C5E63472164FE3900A90762 /* UIColor_Custom.swift */; };
		0C5E634B2165A57200A90762 /* PJBigHUD.swift in Sources */ = {isa = PBXBuildFile; fileRef = 0C5E634A2165A57200A90762 /* PJBigHUD.swift */; };
		0C5E634D2165A5F800A90762 /* PJSmallHUD.swift in Sources */ = {isa = PBXBuildFile; fileRef = 0C5E634C2165A5F800A90762 /* PJSmallHUD.swift */; };
		0C5E634F2165AB8C00A90762 /* PJTapic.swift in Sources */ = {isa = PBXBuildFile; fileRef = 0C5E634E2165AB8C00A90762 /* PJTapic.swift */; };
		0C5E63532165ADF500A90762 /* NotificationName.swift in Sources */ = {isa = PBXBuildFile; fileRef = 0C5E63522165ADF500A90762 /* NotificationName.swift */; };
		0C8B75592196934000353842 /* PJMessageViewController.swift in Sources */ = {isa = PBXBuildFile; fileRef = 0C8B75582196934000353842 /* PJMessageViewController.swift */; };
		0C8B755D2196FF8B00353842 /* PJBreedsSideSliderView.swift in Sources */ = {isa = PBXBuildFile; fileRef = 0C8B755C2196FF8B00353842 /* PJBreedsSideSliderView.swift */; };
		0C8B75622198126D00353842 /* PJPickerView.swift in Sources */ = {isa = PBXBuildFile; fileRef = 0C8B75612198126D00353842 /* PJPickerView.swift */; };
		0CA365F821B26CF300E7D2F7 /* PJAlbumViewController.swift in Sources */ = {isa = PBXBuildFile; fileRef = 0CA365F721B26CF300E7D2F7 /* PJAlbumViewController.swift */; };
		0CC35DA221D0BAF6002244DA /* PJGradeViewController.swift in Sources */ = {isa = PBXBuildFile; fileRef = 0CC35DA121D0BAF6002244DA /* PJGradeViewController.swift */; };
		0CC35DAB21D0BC35002244DA /* PJGradeYesterdayViewController.swift in Sources */ = {isa = PBXBuildFile; fileRef = 0CC35DAA21D0BC35002244DA /* PJGradeYesterdayViewController.swift */; };
		0CC35DAD21D0BC43002244DA /* PJGradeWeekViewController.swift in Sources */ = {isa = PBXBuildFile; fileRef = 0CC35DAC21D0BC43002244DA /* PJGradeWeekViewController.swift */; };
		0CC35DCE21DCFFDC002244DA /* PJImageUpload.swift in Sources */ = {isa = PBXBuildFile; fileRef = 0CC35DCD21DCFFDC002244DA /* PJImageUpload.swift */; };
		0CC35DD021DD0BC8002244DA /* Date.swift in Sources */ = {isa = PBXBuildFile; fileRef = 0CC35DCF21DD0BC8002244DA /* Date.swift */; };
		0CC35DD221DF39E7002244DA /* PJSegmentView.swift in Sources */ = {isa = PBXBuildFile; fileRef = 0CC35DD121DF39E7002244DA /* PJSegmentView.swift */; };
		0CC35DD421DF3B8C002244DA /* PJSegmentView.xib in Resources */ = {isa = PBXBuildFile; fileRef = 0CC35DD321DF3B8C002244DA /* PJSegmentView.xib */; };
		0CC35DD621DF653C002244DA /* YXWaveView.swift in Sources */ = {isa = PBXBuildFile; fileRef = 0CC35DD521DF653C002244DA /* YXWaveView.swift */; };
		0CC35DD921DF7025002244DA /* PJWaveView.swift in Sources */ = {isa = PBXBuildFile; fileRef = 0CC35DD821DF7025002244DA /* PJWaveView.swift */; };
		0CC35DDD21E637E8002244DA /* PJCalloutView.swift in Sources */ = {isa = PBXBuildFile; fileRef = 0CC35DDC21E637E8002244DA /* PJCalloutView.swift */; };
		0CDB0C8F216705B000669331 /* PJUserSelfTableViewCell.xib in Resources */ = {isa = PBXBuildFile; fileRef = 0CDB0C8D216705B000669331 /* PJUserSelfTableViewCell.xib */; };
		0CDB0C90216705B000669331 /* PJUserSelfTableViewCell.swift in Sources */ = {isa = PBXBuildFile; fileRef = 0CDB0C8E216705B000669331 /* PJUserSelfTableViewCell.swift */; };
		0CDB0C972167299A00669331 /* PJUserDetailsTableView.swift in Sources */ = {isa = PBXBuildFile; fileRef = 0CDB0C962167299A00669331 /* PJUserDetailsTableView.swift */; };
		0CDB0C9B21675F6E00669331 /* PJUserDetailsMenuView.swift in Sources */ = {isa = PBXBuildFile; fileRef = 0CDB0C9A21675F6E00669331 /* PJUserDetailsMenuView.swift */; };
		0CDB0C9D21675F7400669331 /* PJUserDetailsMenuView.xib in Resources */ = {isa = PBXBuildFile; fileRef = 0CDB0C9C21675F7400669331 /* PJUserDetailsMenuView.xib */; };
		0CE2616821C500AF00740582 /* PJAlbumCollectiionFlowLayout.swift in Sources */ = {isa = PBXBuildFile; fileRef = 0CE2616721C500AF00740582 /* PJAlbumCollectiionFlowLayout.swift */; };
		0CE2617F21C5346800740582 /* PJAlbumDetailsViewController.swift in Sources */ = {isa = PBXBuildFile; fileRef = 0CE2617E21C5346800740582 /* PJAlbumDetailsViewController.swift */; };
		0CE2618221C5420A00740582 /* PJAlbumCollectionFocusView.swift in Sources */ = {isa = PBXBuildFile; fileRef = 0CE2618121C5420A00740582 /* PJAlbumCollectionFocusView.swift */; };
		0CE2618621C5434000740582 /* PJAlbumCollectionFocusView.xib in Resources */ = {isa = PBXBuildFile; fileRef = 0CE2618521C5434000740582 /* PJAlbumCollectionFocusView.xib */; };
		0CE4F3F321592C7C003AD0F5 /* AppDelegate.swift in Sources */ = {isa = PBXBuildFile; fileRef = 0CE4F3F221592C7C003AD0F5 /* AppDelegate.swift */; };
		0CE4F3FB21592C7C003AD0F5 /* PIGPEN.xcdatamodeld in Sources */ = {isa = PBXBuildFile; fileRef = 0CE4F3F921592C7C003AD0F5 /* PIGPEN.xcdatamodeld */; };
		0CE4F3FD21592C7D003AD0F5 /* Assets.xcassets in Resources */ = {isa = PBXBuildFile; fileRef = 0CE4F3FC21592C7D003AD0F5 /* Assets.xcassets */; };
		0CE4F40021592C7D003AD0F5 /* LaunchScreen.storyboard in Resources */ = {isa = PBXBuildFile; fileRef = 0CE4F3FE21592C7D003AD0F5 /* LaunchScreen.storyboard */; };
		0CE5C07821C00D7400A98566 /* PIGPENTests.swift in Sources */ = {isa = PBXBuildFile; fileRef = 0CE5C07721C00D7400A98566 /* PIGPENTests.swift */; };
		0CE5C07F21C00D8800A98566 /* PJAlbumDataController.swift in Sources */ = {isa = PBXBuildFile; fileRef = 0C1F6FB321B392EF00304CD8 /* PJAlbumDataController.swift */; };
		0CEC156E225CCF2D001F1533 /* PJIM.swift in Sources */ = {isa = PBXBuildFile; fileRef = 0CEC156D225CCF2D001F1533 /* PJIM.swift */; };
		0CEC1571225CE363001F1533 /* PJIMChatViewController.swift in Sources */ = {isa = PBXBuildFile; fileRef = 0CEC1570225CE363001F1533 /* PJIMChatViewController.swift */; };
		0CED02E2219D45AC00294033 /* PJDogFoodViewController.swift in Sources */ = {isa = PBXBuildFile; fileRef = 0CED02E0219D45AC00294033 /* PJDogFoodViewController.swift */; };
		0CED02E3219D45AC00294033 /* PJDogFoodViewController.xib in Resources */ = {isa = PBXBuildFile; fileRef = 0CED02E1219D45AC00294033 /* PJDogFoodViewController.xib */; };
		0CED02E6219D510F00294033 /* PJBaseAlertViewController.swift in Sources */ = {isa = PBXBuildFile; fileRef = 0CED02E5219D510F00294033 /* PJBaseAlertViewController.swift */; };
		0CED02E9219D5A8400294033 /* PJAlertView.swift in Sources */ = {isa = PBXBuildFile; fileRef = 0CED02E8219D5A8400294033 /* PJAlertView.swift */; };
		1D380E7C3274F4367974E080 /* Pods_PIGPEN.framework in Frameworks */ = {isa = PBXBuildFile; fileRef = 4E67D2961E371F2F024277FE /* Pods_PIGPEN.framework */; };
/* End PBXBuildFile section */

/* Begin PBXContainerItemProxy section */
		0CE5C07A21C00D7400A98566 /* PBXContainerItemProxy */ = {
			isa = PBXContainerItemProxy;
			containerPortal = 0CE4F3E721592C7C003AD0F5 /* Project object */;
			proxyType = 1;
			remoteGlobalIDString = 0CE4F3EE21592C7C003AD0F5;
			remoteInfo = PIGPEN;
		};
/* End PBXContainerItemProxy section */

/* Begin PBXFileReference section */
		0C0A54A5216B977E00195DF1 /* RealPet.swift */ = {isa = PBXFileReference; lastKnownFileType = sourcecode.swift; path = RealPet.swift; sourceTree = "<group>"; };
		0C0A54AA216CF64600195DF1 /* PJUserDetailRealPetTableViewCell.swift */ = {isa = PBXFileReference; fileEncoding = 4; lastKnownFileType = sourcecode.swift; path = PJUserDetailRealPetTableViewCell.swift; sourceTree = "<group>"; };
		0C0A54AB216CF64600195DF1 /* PJUserDateilsRealPetColletionView.swift */ = {isa = PBXFileReference; fileEncoding = 4; lastKnownFileType = sourcecode.swift; path = PJUserDateilsRealPetColletionView.swift; sourceTree = "<group>"; };
		0C1F6FA321B391E500304CD8 /* PJAlbumTableView.swift */ = {isa = PBXFileReference; lastKnownFileType = sourcecode.swift; path = PJAlbumTableView.swift; sourceTree = "<group>"; };
		0C1F6FA521B3920500304CD8 /* PJAlbumDetailCollectionView.swift */ = {isa = PBXFileReference; lastKnownFileType = sourcecode.swift; path = PJAlbumDetailCollectionView.swift; sourceTree = "<group>"; };
		0C1F6FA821B3924400304CD8 /* PJAlbumDetailCollectionViewCell.swift */ = {isa = PBXFileReference; lastKnownFileType = sourcecode.swift; path = PJAlbumDetailCollectionViewCell.swift; sourceTree = "<group>"; };
		0C1F6FA921B3924400304CD8 /* PJAlbumDetailCollectionViewCell.xib */ = {isa = PBXFileReference; lastKnownFileType = file.xib; path = PJAlbumDetailCollectionViewCell.xib; sourceTree = "<group>"; };
		0C1F6FAD21B3925E00304CD8 /* PJAlbumTableViewCell.swift */ = {isa = PBXFileReference; lastKnownFileType = sourcecode.swift; path = PJAlbumTableViewCell.swift; sourceTree = "<group>"; };
		0C1F6FAE21B3925E00304CD8 /* PJAlbumTableViewCell.xib */ = {isa = PBXFileReference; lastKnownFileType = file.xib; path = PJAlbumTableViewCell.xib; sourceTree = "<group>"; };
		0C1F6FB321B392EF00304CD8 /* PJAlbumDataController.swift */ = {isa = PBXFileReference; lastKnownFileType = sourcecode.swift; path = PJAlbumDataController.swift; sourceTree = "<group>"; };
		0C55E2C4215A61E3000D8815 /* PJHomeViewController.swift */ = {isa = PBXFileReference; lastKnownFileType = sourcecode.swift; path = PJHomeViewController.swift; sourceTree = "<group>"; };
		0C55E2CD215A62BE000D8815 /* PJPlayViewController.swift */ = {isa = PBXFileReference; lastKnownFileType = sourcecode.swift; path = PJPlayViewController.swift; sourceTree = "<group>"; };
		0C55E2CF215A62C7000D8815 /* PJBreedsViewController.swift */ = {isa = PBXFileReference; lastKnownFileType = sourcecode.swift; path = PJBreedsViewController.swift; sourceTree = "<group>"; };
		0C55E2D1215A62CD000D8815 /* PJUserDetailsViewController.swift */ = {isa = PBXFileReference; lastKnownFileType = sourcecode.swift; path = PJUserDetailsViewController.swift; sourceTree = "<group>"; };
		0C55E2D8215A795A000D8815 /* en */ = {isa = PBXFileReference; lastKnownFileType = text.plist.strings; name = en; path = en.lproj/Localizable.strings; sourceTree = "<group>"; };
		0C55E2DA215A79A9000D8815 /* zh-Hans */ = {isa = PBXFileReference; lastKnownFileType = text.plist.strings; name = "zh-Hans"; path = "zh-Hans.lproj/Localizable.strings"; sourceTree = "<group>"; };
		0C55E2DC215A8055000D8815 /* TabBar.swift */ = {isa = PBXFileReference; lastKnownFileType = sourcecode.swift; path = TabBar.swift; sourceTree = "<group>"; };
		0C55E2E1215A8422000D8815 /* PJStatic.swift */ = {isa = PBXFileReference; lastKnownFileType = sourcecode.swift; path = PJStatic.swift; sourceTree = "<group>"; };
		0C55E2E3215A84EA000D8815 /* UIViewPosition.swift */ = {isa = PBXFileReference; lastKnownFileType = sourcecode.swift; path = UIViewPosition.swift; sourceTree = "<group>"; };
		0C55E2E6215B703C000D8815 /* PJUserLoginViewController.swift */ = {isa = PBXFileReference; lastKnownFileType = sourcecode.swift; path = PJUserLoginViewController.swift; sourceTree = "<group>"; };
		0C55E2E7215B703C000D8815 /* PJUserLoginViewController.xib */ = {isa = PBXFileReference; lastKnownFileType = file.xib; path = PJUserLoginViewController.xib; sourceTree = "<group>"; };
		0C55E2EB215B7DB0000D8815 /* PJUserForgetViewController.swift */ = {isa = PBXFileReference; lastKnownFileType = sourcecode.swift; path = PJUserForgetViewController.swift; sourceTree = "<group>"; };
		0C55E2EC215B7DB0000D8815 /* PJUserForgetViewController.xib */ = {isa = PBXFileReference; lastKnownFileType = file.xib; path = PJUserForgetViewController.xib; sourceTree = "<group>"; };
		0C55E2F0215D2D76000D8815 /* PJUserInfoViewController.swift */ = {isa = PBXFileReference; lastKnownFileType = sourcecode.swift; path = PJUserInfoViewController.swift; sourceTree = "<group>"; };
		0C55E2F1215D2D76000D8815 /* PJUserInfoViewController.xib */ = {isa = PBXFileReference; lastKnownFileType = file.xib; path = PJUserInfoViewController.xib; sourceTree = "<group>"; };
		0C55E2F5215F570D000D8815 /* PJUserRegisterViewController.swift */ = {isa = PBXFileReference; lastKnownFileType = sourcecode.swift; path = PJUserRegisterViewController.swift; sourceTree = "<group>"; };
		0C55E2F6215F570D000D8815 /* PJUserRegisterViewController.xib */ = {isa = PBXFileReference; lastKnownFileType = file.xib; path = PJUserRegisterViewController.xib; sourceTree = "<group>"; };
		0C55E2FB215F5EA9000D8815 /* PJUser.swift */ = {isa = PBXFileReference; lastKnownFileType = sourcecode.swift; path = PJUser.swift; sourceTree = "<group>"; };
		0C55E2FF2161B247000D8815 /* PJWelcomeViewController.swift */ = {isa = PBXFileReference; lastKnownFileType = sourcecode.swift; path = PJWelcomeViewController.swift; sourceTree = "<group>"; };
		0C55E3002161B247000D8815 /* PJWelcomeViewController.xib */ = {isa = PBXFileReference; lastKnownFileType = file.xib; path = PJWelcomeViewController.xib; sourceTree = "<group>"; };
		0C55E3072161BAB6000D8815 /* PJBaseViewController.swift */ = {isa = PBXFileReference; lastKnownFileType = sourcecode.swift; path = PJBaseViewController.swift; sourceTree = "<group>"; };
		0C55E3092162190B000D8815 /* CALayer_UIColor.swift */ = {isa = PBXFileReference; lastKnownFileType = sourcecode.swift; path = CALayer_UIColor.swift; sourceTree = "<group>"; };
		0C599EB5216CFE7A00FC2E37 /* PJRealPetDetailsViewController.swift */ = {isa = PBXFileReference; lastKnownFileType = sourcecode.swift; path = PJRealPetDetailsViewController.swift; sourceTree = "<group>"; };
		0C599EB6216CFE7A00FC2E37 /* PJRealPetDetailsViewController.xib */ = {isa = PBXFileReference; lastKnownFileType = file.xib; path = PJRealPetDetailsViewController.xib; sourceTree = "<group>"; };
		0C599EC2217032A000FC2E37 /* PJUserDetailsVirtualPetTableViewCell.swift */ = {isa = PBXFileReference; lastKnownFileType = sourcecode.swift; path = PJUserDetailsVirtualPetTableViewCell.swift; sourceTree = "<group>"; };
		0C599EC62170354100FC2E37 /* PJUserDetailsVirtualPetCollectionView.swift */ = {isa = PBXFileReference; lastKnownFileType = sourcecode.swift; path = PJUserDetailsVirtualPetCollectionView.swift; sourceTree = "<group>"; };
		0C599EC821703BCB00FC2E37 /* PJVirtualPetViewController.swift */ = {isa = PBXFileReference; lastKnownFileType = sourcecode.swift; path = PJVirtualPetViewController.swift; sourceTree = "<group>"; };
		0C599EC921703BCB00FC2E37 /* PJVirtualPetViewController.xib */ = {isa = PBXFileReference; lastKnownFileType = file.xib; path = PJVirtualPetViewController.xib; sourceTree = "<group>"; };
		0C599ECC21703C5200FC2E37 /* PJCreateRealPetViewController.swift */ = {isa = PBXFileReference; lastKnownFileType = sourcecode.swift; path = PJCreateRealPetViewController.swift; sourceTree = "<group>"; };
		0C599ECD21703C5200FC2E37 /* PJCreateRealPetViewController.xib */ = {isa = PBXFileReference; lastKnownFileType = file.xib; path = PJCreateRealPetViewController.xib; sourceTree = "<group>"; };
		0C599ED321703CDA00FC2E37 /* PJCreateVirtualPetViewController.swift */ = {isa = PBXFileReference; lastKnownFileType = sourcecode.swift; path = PJCreateVirtualPetViewController.swift; sourceTree = "<group>"; };
		0C599ED421703CDA00FC2E37 /* PJCreateVirtualPetViewController.xib */ = {isa = PBXFileReference; lastKnownFileType = file.xib; path = PJCreateVirtualPetViewController.xib; sourceTree = "<group>"; };
		0C599ED72170407500FC2E37 /* PJUserDetailsMoneyTableViewCell.swift */ = {isa = PBXFileReference; lastKnownFileType = sourcecode.swift; path = PJUserDetailsMoneyTableViewCell.swift; sourceTree = "<group>"; };
		0C599ED82170407500FC2E37 /* PJUserDetailsMoneyTableViewCell.xib */ = {isa = PBXFileReference; lastKnownFileType = file.xib; path = PJUserDetailsMoneyTableViewCell.xib; sourceTree = "<group>"; };
		0C599EDD2170983D00FC2E37 /* PJCreateVirtualPetChoiceGenderViewController.swift */ = {isa = PBXFileReference; lastKnownFileType = sourcecode.swift; path = PJCreateVirtualPetChoiceGenderViewController.swift; sourceTree = "<group>"; };
		0C599EDE2170983D00FC2E37 /* PJCreateVirtualPetChoiceGenderViewController.xib */ = {isa = PBXFileReference; lastKnownFileType = file.xib; path = PJCreateVirtualPetChoiceGenderViewController.xib; sourceTree = "<group>"; };
		0C599EE2217099E900FC2E37 /* PJUserCreateVirtualPetChoiceNameViewController.swift */ = {isa = PBXFileReference; lastKnownFileType = sourcecode.swift; path = PJUserCreateVirtualPetChoiceNameViewController.swift; sourceTree = "<group>"; };
		0C599EE3217099E900FC2E37 /* PJUserCreateVirtualPetChoiceNameViewController.xib */ = {isa = PBXFileReference; lastKnownFileType = file.xib; path = PJUserCreateVirtualPetChoiceNameViewController.xib; sourceTree = "<group>"; };
		0C599EEA2171C00200FC2E37 /* VirtualPet.swift */ = {isa = PBXFileReference; fileEncoding = 4; lastKnownFileType = sourcecode.swift; path = VirtualPet.swift; sourceTree = "<group>"; };
		0C5B5D00225DBEE400392E21 /* PJIMMessageHomeTableView.swift */ = {isa = PBXFileReference; lastKnownFileType = sourcecode.swift; path = PJIMMessageHomeTableView.swift; sourceTree = "<group>"; };
		0C5B5D04225DBF1500392E21 /* PJIMMessageHomeTableViewCell.swift */ = {isa = PBXFileReference; lastKnownFileType = sourcecode.swift; path = PJIMMessageHomeTableViewCell.swift; sourceTree = "<group>"; };
		0C5B5D05225DBF1500392E21 /* PJIMMessageHomeTableViewCell.xib */ = {isa = PBXFileReference; lastKnownFileType = file.xib; path = PJIMMessageHomeTableViewCell.xib; sourceTree = "<group>"; };
		0C5E6336216241CF00A90762 /* PJBaseTipsView.swift */ = {isa = PBXFileReference; lastKnownFileType = sourcecode.swift; path = PJBaseTipsView.swift; sourceTree = "<group>"; };
		0C5E63382162444400A90762 /* PJUserInfoSeleteAvatarView.swift */ = {isa = PBXFileReference; lastKnownFileType = sourcecode.swift; path = PJUserInfoSeleteAvatarView.swift; sourceTree = "<group>"; };
		0C5E633A21624D1F00A90762 /* PJUserInfoAvatarSelectCollectionView.swift */ = {isa = PBXFileReference; lastKnownFileType = sourcecode.swift; path = PJUserInfoAvatarSelectCollectionView.swift; sourceTree = "<group>"; };
		0C5E633D216309C300A90762 /* PJNetwork.swift */ = {isa = PBXFileReference; lastKnownFileType = sourcecode.swift; path = PJNetwork.swift; sourceTree = "<group>"; };
		0C5E633F21635FA500A90762 /* PJNetworkUrls.swift */ = {isa = PBXFileReference; lastKnownFileType = sourcecode.swift; path = PJNetworkUrls.swift; sourceTree = "<group>"; };
		0C5E63412163696F00A90762 /* style.data */ = {isa = PBXFileReference; lastKnownFileType = file; path = style.data; sourceTree = "<group>"; };
		0C5E634221644F7900A90762 /* String_time.swift */ = {isa = PBXFileReference; lastKnownFileType = sourcecode.swift; path = String_time.swift; sourceTree = "<group>"; };
		0C5E63472164FE3900A90762 /* UIColor_Custom.swift */ = {isa = PBXFileReference; lastKnownFileType = sourcecode.swift; path = UIColor_Custom.swift; sourceTree = "<group>"; };
		0C5E634A2165A57200A90762 /* PJBigHUD.swift */ = {isa = PBXFileReference; lastKnownFileType = sourcecode.swift; path = PJBigHUD.swift; sourceTree = "<group>"; };
		0C5E634C2165A5F800A90762 /* PJSmallHUD.swift */ = {isa = PBXFileReference; lastKnownFileType = sourcecode.swift; path = PJSmallHUD.swift; sourceTree = "<group>"; };
		0C5E634E2165AB8C00A90762 /* PJTapic.swift */ = {isa = PBXFileReference; fileEncoding = 4; lastKnownFileType = sourcecode.swift; path = PJTapic.swift; sourceTree = "<group>"; };
		0C5E63522165ADF500A90762 /* NotificationName.swift */ = {isa = PBXFileReference; lastKnownFileType = sourcecode.swift; path = NotificationName.swift; sourceTree = "<group>"; };
		0C5E63542165B6D400A90762 /* PIGPEN_bridge.h */ = {isa = PBXFileReference; lastKnownFileType = sourcecode.c.h; path = PIGPEN_bridge.h; sourceTree = "<group>"; };
		0C8B75582196934000353842 /* PJMessageViewController.swift */ = {isa = PBXFileReference; lastKnownFileType = sourcecode.swift; path = PJMessageViewController.swift; sourceTree = "<group>"; };
		0C8B755C2196FF8B00353842 /* PJBreedsSideSliderView.swift */ = {isa = PBXFileReference; lastKnownFileType = sourcecode.swift; path = PJBreedsSideSliderView.swift; sourceTree = "<group>"; };
		0C8B75612198126D00353842 /* PJPickerView.swift */ = {isa = PBXFileReference; fileEncoding = 4; lastKnownFileType = sourcecode.swift; path = PJPickerView.swift; sourceTree = "<group>"; };
		0CA365F721B26CF300E7D2F7 /* PJAlbumViewController.swift */ = {isa = PBXFileReference; lastKnownFileType = sourcecode.swift; path = PJAlbumViewController.swift; sourceTree = "<group>"; };
		0CC35DA121D0BAF6002244DA /* PJGradeViewController.swift */ = {isa = PBXFileReference; lastKnownFileType = sourcecode.swift; path = PJGradeViewController.swift; sourceTree = "<group>"; };
		0CC35DAA21D0BC35002244DA /* PJGradeYesterdayViewController.swift */ = {isa = PBXFileReference; lastKnownFileType = sourcecode.swift; path = PJGradeYesterdayViewController.swift; sourceTree = "<group>"; };
		0CC35DAC21D0BC43002244DA /* PJGradeWeekViewController.swift */ = {isa = PBXFileReference; lastKnownFileType = sourcecode.swift; path = PJGradeWeekViewController.swift; sourceTree = "<group>"; };
		0CC35DCD21DCFFDC002244DA /* PJImageUpload.swift */ = {isa = PBXFileReference; lastKnownFileType = sourcecode.swift; path = PJImageUpload.swift; sourceTree = "<group>"; };
		0CC35DCF21DD0BC8002244DA /* Date.swift */ = {isa = PBXFileReference; lastKnownFileType = sourcecode.swift; path = Date.swift; sourceTree = "<group>"; };
		0CC35DD121DF39E7002244DA /* PJSegmentView.swift */ = {isa = PBXFileReference; lastKnownFileType = sourcecode.swift; path = PJSegmentView.swift; sourceTree = "<group>"; };
		0CC35DD321DF3B8C002244DA /* PJSegmentView.xib */ = {isa = PBXFileReference; lastKnownFileType = file.xib; path = PJSegmentView.xib; sourceTree = "<group>"; };
		0CC35DD521DF653C002244DA /* YXWaveView.swift */ = {isa = PBXFileReference; fileEncoding = 4; lastKnownFileType = sourcecode.swift; path = YXWaveView.swift; sourceTree = "<group>"; };
		0CC35DD821DF7025002244DA /* PJWaveView.swift */ = {isa = PBXFileReference; lastKnownFileType = sourcecode.swift; path = PJWaveView.swift; sourceTree = "<group>"; };
		0CC35DDC21E637E8002244DA /* PJCalloutView.swift */ = {isa = PBXFileReference; lastKnownFileType = sourcecode.swift; path = PJCalloutView.swift; sourceTree = "<group>"; };
		0CDB0C8D216705B000669331 /* PJUserSelfTableViewCell.xib */ = {isa = PBXFileReference; fileEncoding = 4; lastKnownFileType = file.xib; path = PJUserSelfTableViewCell.xib; sourceTree = "<group>"; };
		0CDB0C8E216705B000669331 /* PJUserSelfTableViewCell.swift */ = {isa = PBXFileReference; fileEncoding = 4; lastKnownFileType = sourcecode.swift; path = PJUserSelfTableViewCell.swift; sourceTree = "<group>"; };
		0CDB0C962167299A00669331 /* PJUserDetailsTableView.swift */ = {isa = PBXFileReference; lastKnownFileType = sourcecode.swift; path = PJUserDetailsTableView.swift; sourceTree = "<group>"; };
		0CDB0C9A21675F6E00669331 /* PJUserDetailsMenuView.swift */ = {isa = PBXFileReference; lastKnownFileType = sourcecode.swift; path = PJUserDetailsMenuView.swift; sourceTree = "<group>"; };
		0CDB0C9C21675F7400669331 /* PJUserDetailsMenuView.xib */ = {isa = PBXFileReference; lastKnownFileType = file.xib; path = PJUserDetailsMenuView.xib; sourceTree = "<group>"; };
		0CE2616721C500AF00740582 /* PJAlbumCollectiionFlowLayout.swift */ = {isa = PBXFileReference; lastKnownFileType = sourcecode.swift; path = PJAlbumCollectiionFlowLayout.swift; sourceTree = "<group>"; };
		0CE2617E21C5346800740582 /* PJAlbumDetailsViewController.swift */ = {isa = PBXFileReference; lastKnownFileType = sourcecode.swift; path = PJAlbumDetailsViewController.swift; sourceTree = "<group>"; };
		0CE2618121C5420A00740582 /* PJAlbumCollectionFocusView.swift */ = {isa = PBXFileReference; lastKnownFileType = sourcecode.swift; path = PJAlbumCollectionFocusView.swift; sourceTree = "<group>"; };
		0CE2618521C5434000740582 /* PJAlbumCollectionFocusView.xib */ = {isa = PBXFileReference; lastKnownFileType = file.xib; path = PJAlbumCollectionFocusView.xib; sourceTree = "<group>"; };
		0CE4F3EF21592C7C003AD0F5 /* PIGPEN.app */ = {isa = PBXFileReference; explicitFileType = wrapper.application; includeInIndex = 0; path = PIGPEN.app; sourceTree = BUILT_PRODUCTS_DIR; };
		0CE4F3F221592C7C003AD0F5 /* AppDelegate.swift */ = {isa = PBXFileReference; lastKnownFileType = sourcecode.swift; path = AppDelegate.swift; sourceTree = "<group>"; };
		0CE4F3FA21592C7C003AD0F5 /* PIGPEN.xcdatamodel */ = {isa = PBXFileReference; lastKnownFileType = wrapper.xcdatamodel; path = PIGPEN.xcdatamodel; sourceTree = "<group>"; };
		0CE4F3FC21592C7D003AD0F5 /* Assets.xcassets */ = {isa = PBXFileReference; lastKnownFileType = folder.assetcatalog; path = Assets.xcassets; sourceTree = "<group>"; };
		0CE4F3FF21592C7D003AD0F5 /* Base */ = {isa = PBXFileReference; lastKnownFileType = file.storyboard; name = Base; path = Base.lproj/LaunchScreen.storyboard; sourceTree = "<group>"; };
		0CE4F40121592C7D003AD0F5 /* Info.plist */ = {isa = PBXFileReference; lastKnownFileType = text.plist.xml; path = Info.plist; sourceTree = "<group>"; };
		0CE5C07521C00D7400A98566 /* PIGPENTests.xctest */ = {isa = PBXFileReference; explicitFileType = wrapper.cfbundle; includeInIndex = 0; path = PIGPENTests.xctest; sourceTree = BUILT_PRODUCTS_DIR; };
		0CE5C07721C00D7400A98566 /* PIGPENTests.swift */ = {isa = PBXFileReference; lastKnownFileType = sourcecode.swift; path = PIGPENTests.swift; sourceTree = "<group>"; };
		0CE5C07921C00D7400A98566 /* Info.plist */ = {isa = PBXFileReference; lastKnownFileType = text.plist.xml; path = Info.plist; sourceTree = "<group>"; };
		0CEC156D225CCF2D001F1533 /* PJIM.swift */ = {isa = PBXFileReference; lastKnownFileType = sourcecode.swift; path = PJIM.swift; sourceTree = "<group>"; };
		0CEC1570225CE363001F1533 /* PJIMChatViewController.swift */ = {isa = PBXFileReference; lastKnownFileType = sourcecode.swift; path = PJIMChatViewController.swift; sourceTree = "<group>"; };
		0CED02E0219D45AC00294033 /* PJDogFoodViewController.swift */ = {isa = PBXFileReference; lastKnownFileType = sourcecode.swift; path = PJDogFoodViewController.swift; sourceTree = "<group>"; };
		0CED02E1219D45AC00294033 /* PJDogFoodViewController.xib */ = {isa = PBXFileReference; lastKnownFileType = file.xib; path = PJDogFoodViewController.xib; sourceTree = "<group>"; };
		0CED02E5219D510F00294033 /* PJBaseAlertViewController.swift */ = {isa = PBXFileReference; lastKnownFileType = sourcecode.swift; path = PJBaseAlertViewController.swift; sourceTree = "<group>"; };
		0CED02E8219D5A8400294033 /* PJAlertView.swift */ = {isa = PBXFileReference; lastKnownFileType = sourcecode.swift; path = PJAlertView.swift; sourceTree = "<group>"; };
		4E67D2961E371F2F024277FE /* Pods_PIGPEN.framework */ = {isa = PBXFileReference; explicitFileType = wrapper.framework; includeInIndex = 0; path = Pods_PIGPEN.framework; sourceTree = BUILT_PRODUCTS_DIR; };
		6472681005EABAD7037BD786 /* Pods-PIGPEN.release.xcconfig */ = {isa = PBXFileReference; includeInIndex = 1; lastKnownFileType = text.xcconfig; name = "Pods-PIGPEN.release.xcconfig"; path = "Pods/Target Support Files/Pods-PIGPEN/Pods-PIGPEN.release.xcconfig"; sourceTree = "<group>"; };
		8BD192072D34D432799FE1CF /* Pods-PIGPEN.debug.xcconfig */ = {isa = PBXFileReference; includeInIndex = 1; lastKnownFileType = text.xcconfig; name = "Pods-PIGPEN.debug.xcconfig"; path = "Pods/Target Support Files/Pods-PIGPEN/Pods-PIGPEN.debug.xcconfig"; sourceTree = "<group>"; };
/* End PBXFileReference section */

/* Begin PBXFrameworksBuildPhase section */
		0CE4F3EC21592C7C003AD0F5 /* Frameworks */ = {
			isa = PBXFrameworksBuildPhase;
			buildActionMask = 2147483647;
			files = (
				1D380E7C3274F4367974E080 /* Pods_PIGPEN.framework in Frameworks */,
			);
			runOnlyForDeploymentPostprocessing = 0;
		};
		0CE5C07221C00D7400A98566 /* Frameworks */ = {
			isa = PBXFrameworksBuildPhase;
			buildActionMask = 2147483647;
			files = (
			);
			runOnlyForDeploymentPostprocessing = 0;
		};
/* End PBXFrameworksBuildPhase section */

/* Begin PBXGroup section */
		0C0A54A7216B990500195DF1 /* Pet */ = {
			isa = PBXGroup;
			children = (
				0C599EE72171931200FC2E37 /* virtualPet */,
				0C599EE62171930B00FC2E37 /* realPet */,
			);
			path = Pet;
			sourceTree = "<group>";
		};
		0C0A54A8216CF56100195DF1 /* View */ = {
			isa = PBXGroup;
			children = (
			);
			path = View;
			sourceTree = "<group>";
		};
		0C0A54A9216CF56B00195DF1 /* Controller */ = {
			isa = PBXGroup;
			children = (
				0C599EB5216CFE7A00FC2E37 /* PJRealPetDetailsViewController.swift */,
				0C599EB6216CFE7A00FC2E37 /* PJRealPetDetailsViewController.xib */,
			);
			path = Controller;
			sourceTree = "<group>";
		};
		0C0A54AE216CF6D000195DF1 /* Controller */ = {
			isa = PBXGroup;
			children = (
				0C55E2D1215A62CD000D8815 /* PJUserDetailsViewController.swift */,
			);
			path = Controller;
			sourceTree = "<group>";
		};
		0C0A54AF216CF6F700195DF1 /* Cell */ = {
			isa = PBXGroup;
			children = (
				0C5E63572166296D00A90762 /* User */,
				0C599EBA216E446500FC2E37 /* Money */,
				0C599EB9216E444D00FC2E37 /* Pet */,
			);
			path = Cell;
			sourceTree = "<group>";
		};
		0C1F6F9E21B3912900304CD8 /* AlbumTableView */ = {
			isa = PBXGroup;
			children = (
				0C1F6FAC21B3924C00304CD8 /* Cell */,
				0C1F6FA321B391E500304CD8 /* PJAlbumTableView.swift */,
			);
			path = AlbumTableView;
			sourceTree = "<group>";
		};
		0C1F6F9F21B3914600304CD8 /* AlbumCollectionView */ = {
			isa = PBXGroup;
			children = (
				0C1F6FA521B3920500304CD8 /* PJAlbumDetailCollectionView.swift */,
				0CE2618021C541DC00740582 /* FocusView */,
				0CE2616621C5009000740582 /* Layout */,
				0C1F6FA721B3922600304CD8 /* Cell */,
			);
			path = AlbumCollectionView;
			sourceTree = "<group>";
		};
		0C1F6FA021B3918200304CD8 /* Model */ = {
			isa = PBXGroup;
			children = (
			);
			path = Model;
			sourceTree = "<group>";
		};
		0C1F6FA121B3918900304CD8 /* View */ = {
			isa = PBXGroup;
			children = (
				0C1F6F9F21B3914600304CD8 /* AlbumCollectionView */,
				0C1F6F9E21B3912900304CD8 /* AlbumTableView */,
			);
			path = View;
			sourceTree = "<group>";
		};
		0C1F6FA221B3918E00304CD8 /* Controller */ = {
			isa = PBXGroup;
			children = (
				0C1F6FB221B392BE00304CD8 /* DataController */,
				0C1F6FB121B3926E00304CD8 /* ViewController */,
			);
			path = Controller;
			sourceTree = "<group>";
		};
		0C1F6FA721B3922600304CD8 /* Cell */ = {
			isa = PBXGroup;
			children = (
				0C1F6FA821B3924400304CD8 /* PJAlbumDetailCollectionViewCell.swift */,
				0C1F6FA921B3924400304CD8 /* PJAlbumDetailCollectionViewCell.xib */,
			);
			path = Cell;
			sourceTree = "<group>";
		};
		0C1F6FAC21B3924C00304CD8 /* Cell */ = {
			isa = PBXGroup;
			children = (
				0C1F6FAD21B3925E00304CD8 /* PJAlbumTableViewCell.swift */,
				0C1F6FAE21B3925E00304CD8 /* PJAlbumTableViewCell.xib */,
			);
			path = Cell;
			sourceTree = "<group>";
		};
		0C1F6FB121B3926E00304CD8 /* ViewController */ = {
			isa = PBXGroup;
			children = (
				0CE2617D21C5345100740582 /* Album */,
				0CE2617C21C5344500740582 /* AlbumDetails */,
			);
			path = ViewController;
			sourceTree = "<group>";
		};
		0C1F6FB221B392BE00304CD8 /* DataController */ = {
			isa = PBXGroup;
			children = (
				0C1F6FB321B392EF00304CD8 /* PJAlbumDataController.swift */,
			);
			path = DataController;
			sourceTree = "<group>";
		};
		0C55E2C3215A61AD000D8815 /* Page */ = {
			isa = PBXGroup;
			children = (
				0CC35DA021D0BA33002244DA /* Grade */,
				0C8B75572196932C00353842 /* Message */,
				0CDB0C9821675F1C00669331 /* Pet */,
				0C55E3052161BA9C000D8815 /* Base */,
				0C55E2CA215A62A0000D8815 /* User */,
				0C55E2C9215A61FC000D8815 /* Breeds */,
				0C55E2C8215A61F5000D8815 /* Play */,
				0C55E2C7215A61EE000D8815 /* Chat */,
				0C55E2C6215A61E8000D8815 /* Home */,
			);
			path = Page;
			sourceTree = "<group>";
		};
		0C55E2C6215A61E8000D8815 /* Home */ = {
			isa = PBXGroup;
			children = (
				0C55E2C4215A61E3000D8815 /* PJHomeViewController.swift */,
			);
			path = Home;
			sourceTree = "<group>";
		};
		0C55E2C7215A61EE000D8815 /* Chat */ = {
			isa = PBXGroup;
			children = (
			);
			path = Chat;
			sourceTree = "<group>";
		};
		0C55E2C8215A61F5000D8815 /* Play */ = {
			isa = PBXGroup;
			children = (
				0C55E2CD215A62BE000D8815 /* PJPlayViewController.swift */,
			);
			path = Play;
			sourceTree = "<group>";
		};
		0C55E2C9215A61FC000D8815 /* Breeds */ = {
			isa = PBXGroup;
			children = (
				0C8B755B2196FE2300353842 /* Controller */,
				0C8B755A2196FE1E00353842 /* View */,
			);
			path = Breeds;
			sourceTree = "<group>";
		};
		0C55E2CA215A62A0000D8815 /* User */ = {
			isa = PBXGroup;
			children = (
				0C55E2FE2161B1D0000D8815 /* Welcome */,
				0C55E2FD2161B1A3000D8815 /* Details */,
				0C55E2F4215F5653000D8815 /* Register */,
				0C55E2EF215D2BFC000D8815 /* Info */,
				0C55E2EA215B7D5C000D8815 /* Forget */,
				0C55E2E5215B7028000D8815 /* Login */,
			);
			path = User;
			sourceTree = "<group>";
		};
		0C55E2D3215A78F4000D8815 /* Config */ = {
			isa = PBXGroup;
			children = (
				0C55E2D4215A792F000D8815 /* Muti-Language */,
				0C5E63412163696F00A90762 /* style.data */,
				0C5E63542165B6D400A90762 /* PIGPEN_bridge.h */,
				0CE4F3FC21592C7D003AD0F5 /* Assets.xcassets */,
				0CE4F40121592C7D003AD0F5 /* Info.plist */,
				0CE4F3F921592C7C003AD0F5 /* PIGPEN.xcdatamodeld */,
			);
			path = Config;
			sourceTree = "<group>";
		};
		0C55E2D4215A792F000D8815 /* Muti-Language */ = {
			isa = PBXGroup;
			children = (
				0C55E2D9215A795A000D8815 /* Localizable.strings */,
			);
			path = "Muti-Language";
			sourceTree = "<group>";
		};
		0C55E2DB215A801F000D8815 /* Extension */ = {
			isa = PBXGroup;
			children = (
				0C55E2DC215A8055000D8815 /* TabBar.swift */,
				0C55E2E3215A84EA000D8815 /* UIViewPosition.swift */,
				0C55E3092162190B000D8815 /* CALayer_UIColor.swift */,
				0C5E634221644F7900A90762 /* String_time.swift */,
				0C5E63472164FE3900A90762 /* UIColor_Custom.swift */,
				0C5E63522165ADF500A90762 /* NotificationName.swift */,
				0CC35DCF21DD0BC8002244DA /* Date.swift */,
			);
			path = Extension;
			sourceTree = "<group>";
		};
		0C55E2E0215A840C000D8815 /* Static */ = {
			isa = PBXGroup;
			children = (
				0C55E2E1215A8422000D8815 /* PJStatic.swift */,
			);
			path = Static;
			sourceTree = "<group>";
		};
		0C55E2E5215B7028000D8815 /* Login */ = {
			isa = PBXGroup;
			children = (
				0C55E2E6215B703C000D8815 /* PJUserLoginViewController.swift */,
				0C55E2E7215B703C000D8815 /* PJUserLoginViewController.xib */,
			);
			path = Login;
			sourceTree = "<group>";
		};
		0C55E2EA215B7D5C000D8815 /* Forget */ = {
			isa = PBXGroup;
			children = (
				0C55E2EB215B7DB0000D8815 /* PJUserForgetViewController.swift */,
				0C55E2EC215B7DB0000D8815 /* PJUserForgetViewController.xib */,
			);
			path = Forget;
			sourceTree = "<group>";
		};
		0C55E2EF215D2BFC000D8815 /* Info */ = {
			isa = PBXGroup;
			children = (
				0C5E63342162415C00A90762 /* View */,
				0C55E2F0215D2D76000D8815 /* PJUserInfoViewController.swift */,
				0C55E2F1215D2D76000D8815 /* PJUserInfoViewController.xib */,
			);
			path = Info;
			sourceTree = "<group>";
		};
		0C55E2F4215F5653000D8815 /* Register */ = {
			isa = PBXGroup;
			children = (
				0C55E2F5215F570D000D8815 /* PJUserRegisterViewController.swift */,
				0C55E2F6215F570D000D8815 /* PJUserRegisterViewController.xib */,
			);
			path = Register;
			sourceTree = "<group>";
		};
		0C55E2F9215F5E14000D8815 /* Model */ = {
			isa = PBXGroup;
			children = (
				0CEC156C225CCF11001F1533 /* IM */,
				0C5E633C216309A900A90762 /* NetworkManager */,
				0C0A54A7216B990500195DF1 /* Pet */,
				0C55E2FA215F5E94000D8815 /* User */,
			);
			path = Model;
			sourceTree = "<group>";
		};
		0C55E2FA215F5E94000D8815 /* User */ = {
			isa = PBXGroup;
			children = (
				0C55E2FB215F5EA9000D8815 /* PJUser.swift */,
			);
			path = User;
			sourceTree = "<group>";
		};
		0C55E2FD2161B1A3000D8815 /* Details */ = {
			isa = PBXGroup;
			children = (
				0C0A54AE216CF6D000195DF1 /* Controller */,
				0CDB0C8A2167055900669331 /* View */,
			);
			path = Details;
			sourceTree = "<group>";
		};
		0C55E2FE2161B1D0000D8815 /* Welcome */ = {
			isa = PBXGroup;
			children = (
				0C55E2FF2161B247000D8815 /* PJWelcomeViewController.swift */,
				0C55E3002161B247000D8815 /* PJWelcomeViewController.xib */,
			);
			path = Welcome;
			sourceTree = "<group>";
		};
		0C55E3052161BA9C000D8815 /* Base */ = {
			isa = PBXGroup;
			children = (
				0C5E63352162417500A90762 /* UIView */,
				0C55E3062161BAA6000D8815 /* UIViewController */,
			);
			path = Base;
			sourceTree = "<group>";
		};
		0C55E3062161BAA6000D8815 /* UIViewController */ = {
			isa = PBXGroup;
			children = (
				0C55E3072161BAB6000D8815 /* PJBaseViewController.swift */,
			);
			path = UIViewController;
			sourceTree = "<group>";
		};
		0C599EB3216CFDAA00FC2E37 /* Create */ = {
			isa = PBXGroup;
			children = (
				0C599ED121703CBF00FC2E37 /* RealPet */,
				0C599ED021703C9300FC2E37 /* VirtualPet */,
			);
			path = Create;
			sourceTree = "<group>";
		};
		0C599EB4216CFE4700FC2E37 /* Controller */ = {
			isa = PBXGroup;
			children = (
				0CED02DF219D457100294033 /* DogFood */,
				0CED02DE219D456500294033 /* Create */,
			);
			path = Controller;
			sourceTree = "<group>";
		};
		0C599EB9216E444D00FC2E37 /* Pet */ = {
			isa = PBXGroup;
			children = (
				0C599EC1217031C300FC2E37 /* VirtualPet */,
				0C599EBF217031B300FC2E37 /* RealPet */,
			);
			path = Pet;
			sourceTree = "<group>";
		};
		0C599EBA216E446500FC2E37 /* Money */ = {
			isa = PBXGroup;
			children = (
				0C599ED72170407500FC2E37 /* PJUserDetailsMoneyTableViewCell.swift */,
				0C599ED82170407500FC2E37 /* PJUserDetailsMoneyTableViewCell.xib */,
			);
			path = Money;
			sourceTree = "<group>";
		};
		0C599EBF217031B300FC2E37 /* RealPet */ = {
			isa = PBXGroup;
			children = (
				0C0A54AB216CF64600195DF1 /* PJUserDateilsRealPetColletionView.swift */,
				0C0A54AA216CF64600195DF1 /* PJUserDetailRealPetTableViewCell.swift */,
			);
			path = RealPet;
			sourceTree = "<group>";
		};
		0C599EC1217031C300FC2E37 /* VirtualPet */ = {
			isa = PBXGroup;
			children = (
				0C599EC2217032A000FC2E37 /* PJUserDetailsVirtualPetTableViewCell.swift */,
				0C599EC62170354100FC2E37 /* PJUserDetailsVirtualPetCollectionView.swift */,
			);
			path = VirtualPet;
			sourceTree = "<group>";
		};
		0C599ED021703C9300FC2E37 /* VirtualPet */ = {
			isa = PBXGroup;
			children = (
				0C599ED221703CC900FC2E37 /* Controller */,
			);
			path = VirtualPet;
			sourceTree = "<group>";
		};
		0C599ED121703CBF00FC2E37 /* RealPet */ = {
			isa = PBXGroup;
			children = (
				0C599EB4216CFE4700FC2E37 /* Controller */,
			);
			path = RealPet;
			sourceTree = "<group>";
		};
		0C599ED221703CC900FC2E37 /* Controller */ = {
			isa = PBXGroup;
			children = (
				0C599EE1217099CC00FC2E37 /* ChoiceName */,
				0C599EDC2170980700FC2E37 /* ChoiceGender */,
				0C599EDB217097EA00FC2E37 /* ChoiceBreed */,
			);
			path = Controller;
			sourceTree = "<group>";
		};
		0C599EDB217097EA00FC2E37 /* ChoiceBreed */ = {
			isa = PBXGroup;
			children = (
				0C599ED321703CDA00FC2E37 /* PJCreateVirtualPetViewController.swift */,
				0C599ED421703CDA00FC2E37 /* PJCreateVirtualPetViewController.xib */,
			);
			path = ChoiceBreed;
			sourceTree = "<group>";
		};
		0C599EDC2170980700FC2E37 /* ChoiceGender */ = {
			isa = PBXGroup;
			children = (
				0C599EDD2170983D00FC2E37 /* PJCreateVirtualPetChoiceGenderViewController.swift */,
				0C599EDE2170983D00FC2E37 /* PJCreateVirtualPetChoiceGenderViewController.xib */,
			);
			path = ChoiceGender;
			sourceTree = "<group>";
		};
		0C599EE1217099CC00FC2E37 /* ChoiceName */ = {
			isa = PBXGroup;
			children = (
				0C599EE2217099E900FC2E37 /* PJUserCreateVirtualPetChoiceNameViewController.swift */,
				0C599EE3217099E900FC2E37 /* PJUserCreateVirtualPetChoiceNameViewController.xib */,
			);
			path = ChoiceName;
			sourceTree = "<group>";
		};
		0C599EE62171930B00FC2E37 /* realPet */ = {
			isa = PBXGroup;
			children = (
				0C0A54A5216B977E00195DF1 /* RealPet.swift */,
			);
			path = realPet;
			sourceTree = "<group>";
		};
		0C599EE72171931200FC2E37 /* virtualPet */ = {
			isa = PBXGroup;
			children = (
				0C599EEA2171C00200FC2E37 /* VirtualPet.swift */,
			);
			path = virtualPet;
			sourceTree = "<group>";
		};
		0C5B5CFD225DBEA100392E21 /* List */ = {
			isa = PBXGroup;
			children = (
				0C5B5D00225DBEE400392E21 /* PJIMMessageHomeTableView.swift */,
				0C5B5D04225DBF1500392E21 /* PJIMMessageHomeTableViewCell.swift */,
				0C5B5D05225DBF1500392E21 /* PJIMMessageHomeTableViewCell.xib */,
			);
			path = List;
			sourceTree = "<group>";
		};
		0C5B5D08225E324800392E21 /* Chat */ = {
			isa = PBXGroup;
			children = (
				0CEC1570225CE363001F1533 /* PJIMChatViewController.swift */,
			);
			path = Chat;
			sourceTree = "<group>";
		};
		0C5E63342162415C00A90762 /* View */ = {
			isa = PBXGroup;
			children = (
				0C5E63382162444400A90762 /* PJUserInfoSeleteAvatarView.swift */,
				0C5E633A21624D1F00A90762 /* PJUserInfoAvatarSelectCollectionView.swift */,
			);
			path = View;
			sourceTree = "<group>";
		};
		0C5E63352162417500A90762 /* UIView */ = {
			isa = PBXGroup;
			children = (
				0C5E6336216241CF00A90762 /* PJBaseTipsView.swift */,
			);
			path = UIView;
			sourceTree = "<group>";
		};
		0C5E633C216309A900A90762 /* NetworkManager */ = {
			isa = PBXGroup;
			children = (
				0C5E633D216309C300A90762 /* PJNetwork.swift */,
				0C5E633F21635FA500A90762 /* PJNetworkUrls.swift */,
			);
			path = NetworkManager;
			sourceTree = "<group>";
		};
		0C5E63492165A56800A90762 /* HUD */ = {
			isa = PBXGroup;
			children = (
				0C5E634A2165A57200A90762 /* PJBigHUD.swift */,
				0C5E634C2165A5F800A90762 /* PJSmallHUD.swift */,
			);
			path = HUD;
			sourceTree = "<group>";
		};
		0C5E63502165AB9300A90762 /* Tool */ = {
			isa = PBXGroup;
			children = (
				0CC35DDB21E6376C002244DA /* PopMenu */,
				0CC35DD721DF7008002244DA /* WaveView */,
				0CC35DCC21DCFFC6002244DA /* ImageUpload */,
				0CC35DA521D0BB51002244DA /* Segment */,
				0CA365F621B26CB600E7D2F7 /* Album */,
				0CED02E7219D585700294033 /* Alert */,
				0CED02E4219D50DE00294033 /* BaseAlertWindow */,
				0C8B755E2197C1FC00353842 /* Picker */,
				0C5E63512165ABB300A90762 /* Tapic */,
				0C5E63492165A56800A90762 /* HUD */,
			);
			path = Tool;
			sourceTree = "<group>";
		};
		0C5E63512165ABB300A90762 /* Tapic */ = {
			isa = PBXGroup;
			children = (
				0C5E634E2165AB8C00A90762 /* PJTapic.swift */,
			);
			path = Tapic;
			sourceTree = "<group>";
		};
		0C5E63572166296D00A90762 /* User */ = {
			isa = PBXGroup;
			children = (
				0C5E635D2166333000A90762 /* Others */,
				0C5E635C2166332A00A90762 /* Self */,
			);
			path = User;
			sourceTree = "<group>";
		};
		0C5E635C2166332A00A90762 /* Self */ = {
			isa = PBXGroup;
			children = (
				0CDB0C8E216705B000669331 /* PJUserSelfTableViewCell.swift */,
				0CDB0C8D216705B000669331 /* PJUserSelfTableViewCell.xib */,
			);
			path = Self;
			sourceTree = "<group>";
		};
		0C5E635D2166333000A90762 /* Others */ = {
			isa = PBXGroup;
			children = (
			);
			path = Others;
			sourceTree = "<group>";
		};
		0C8B75572196932C00353842 /* Message */ = {
			isa = PBXGroup;
			children = (
				0C8B75582196934000353842 /* PJMessageViewController.swift */,
				0CEC156F225CE347001F1533 /* IM */,
			);
			path = Message;
			sourceTree = "<group>";
		};
		0C8B755A2196FE1E00353842 /* View */ = {
			isa = PBXGroup;
			children = (
				0C8B755C2196FF8B00353842 /* PJBreedsSideSliderView.swift */,
			);
			path = View;
			sourceTree = "<group>";
		};
		0C8B755B2196FE2300353842 /* Controller */ = {
			isa = PBXGroup;
			children = (
				0C55E2CF215A62C7000D8815 /* PJBreedsViewController.swift */,
			);
			path = Controller;
			sourceTree = "<group>";
		};
		0C8B755E2197C1FC00353842 /* Picker */ = {
			isa = PBXGroup;
			children = (
				0C8B75612198126D00353842 /* PJPickerView.swift */,
			);
			path = Picker;
			sourceTree = "<group>";
		};
		0CA365F621B26CB600E7D2F7 /* Album */ = {
			isa = PBXGroup;
			children = (
				0C1F6FA221B3918E00304CD8 /* Controller */,
				0C1F6FA121B3918900304CD8 /* View */,
				0C1F6FA021B3918200304CD8 /* Model */,
			);
			path = Album;
			sourceTree = "<group>";
		};
		0CC35DA021D0BA33002244DA /* Grade */ = {
			isa = PBXGroup;
			children = (
				0CC35DA421D0BB03002244DA /* View */,
				0CC35DA321D0BAFB002244DA /* Controller */,
			);
			path = Grade;
			sourceTree = "<group>";
		};
		0CC35DA321D0BAFB002244DA /* Controller */ = {
			isa = PBXGroup;
			children = (
				0CC35DA121D0BAF6002244DA /* PJGradeViewController.swift */,
			);
			path = Controller;
			sourceTree = "<group>";
		};
		0CC35DA421D0BB03002244DA /* View */ = {
			isa = PBXGroup;
			children = (
				0CC35DA921D0BB81002244DA /* Total */,
				0CC35DA821D0BB74002244DA /* Month */,
				0CC35DA721D0BB6D002244DA /* Week */,
				0CC35DA621D0BB5D002244DA /* Yesterday */,
			);
			path = View;
			sourceTree = "<group>";
		};
		0CC35DA521D0BB51002244DA /* Segment */ = {
			isa = PBXGroup;
			children = (
				0CC35DD121DF39E7002244DA /* PJSegmentView.swift */,
				0CC35DD321DF3B8C002244DA /* PJSegmentView.xib */,
			);
			path = Segment;
			sourceTree = "<group>";
		};
		0CC35DA621D0BB5D002244DA /* Yesterday */ = {
			isa = PBXGroup;
			children = (
				0CC35DAA21D0BC35002244DA /* PJGradeYesterdayViewController.swift */,
			);
			path = Yesterday;
			sourceTree = "<group>";
		};
		0CC35DA721D0BB6D002244DA /* Week */ = {
			isa = PBXGroup;
			children = (
				0CC35DAC21D0BC43002244DA /* PJGradeWeekViewController.swift */,
			);
			path = Week;
			sourceTree = "<group>";
		};
		0CC35DA821D0BB74002244DA /* Month */ = {
			isa = PBXGroup;
			children = (
			);
			path = Month;
			sourceTree = "<group>";
		};
		0CC35DA921D0BB81002244DA /* Total */ = {
			isa = PBXGroup;
			children = (
			);
			path = Total;
			sourceTree = "<group>";
		};
		0CC35DCC21DCFFC6002244DA /* ImageUpload */ = {
			isa = PBXGroup;
			children = (
				0CC35DCD21DCFFDC002244DA /* PJImageUpload.swift */,
			);
			path = ImageUpload;
			sourceTree = "<group>";
		};
		0CC35DD721DF7008002244DA /* WaveView */ = {
			isa = PBXGroup;
			children = (
				0CC35DDA21DF7228002244DA /* Wave */,
				0CC35DD821DF7025002244DA /* PJWaveView.swift */,
			);
			path = WaveView;
			sourceTree = "<group>";
		};
		0CC35DDA21DF7228002244DA /* Wave */ = {
			isa = PBXGroup;
			children = (
				0CC35DD521DF653C002244DA /* YXWaveView.swift */,
			);
			path = Wave;
			sourceTree = "<group>";
		};
		0CC35DDB21E6376C002244DA /* PopMenu */ = {
			isa = PBXGroup;
			children = (
				0CC35DDC21E637E8002244DA /* PJCalloutView.swift */,
			);
			path = PopMenu;
			sourceTree = "<group>";
		};
		0CDB0C8A2167055900669331 /* View */ = {
			isa = PBXGroup;
			children = (
				0CDB0C9921675F2900669331 /* Menu */,
				0CDB0C952167298000669331 /* TableView */,
			);
			path = View;
			sourceTree = "<group>";
		};
		0CDB0C8B2167056700669331 /* RealPet */ = {
			isa = PBXGroup;
			children = (
				0C0A54A9216CF56B00195DF1 /* Controller */,
				0C0A54A8216CF56100195DF1 /* View */,
			);
			path = RealPet;
			sourceTree = "<group>";
		};
		0CDB0C8C2167057400669331 /* VirtualPet */ = {
			isa = PBXGroup;
			children = (
				0C599EC821703BCB00FC2E37 /* PJVirtualPetViewController.swift */,
				0C599EC921703BCB00FC2E37 /* PJVirtualPetViewController.xib */,
			);
			path = VirtualPet;
			sourceTree = "<group>";
		};
		0CDB0C952167298000669331 /* TableView */ = {
			isa = PBXGroup;
			children = (
				0CDB0C962167299A00669331 /* PJUserDetailsTableView.swift */,
				0C0A54AF216CF6F700195DF1 /* Cell */,
			);
			path = TableView;
			sourceTree = "<group>";
		};
		0CDB0C9821675F1C00669331 /* Pet */ = {
			isa = PBXGroup;
			children = (
				0C599EB3216CFDAA00FC2E37 /* Create */,
				0CDB0C8C2167057400669331 /* VirtualPet */,
				0CDB0C8B2167056700669331 /* RealPet */,
			);
			path = Pet;
			sourceTree = "<group>";
		};
		0CDB0C9921675F2900669331 /* Menu */ = {
			isa = PBXGroup;
			children = (
				0CDB0C9A21675F6E00669331 /* PJUserDetailsMenuView.swift */,
				0CDB0C9C21675F7400669331 /* PJUserDetailsMenuView.xib */,
			);
			path = Menu;
			sourceTree = "<group>";
		};
		0CE2616621C5009000740582 /* Layout */ = {
			isa = PBXGroup;
			children = (
				0CE2616721C500AF00740582 /* PJAlbumCollectiionFlowLayout.swift */,
			);
			path = Layout;
			sourceTree = "<group>";
		};
		0CE2617C21C5344500740582 /* AlbumDetails */ = {
			isa = PBXGroup;
			children = (
				0CE2617E21C5346800740582 /* PJAlbumDetailsViewController.swift */,
			);
			path = AlbumDetails;
			sourceTree = "<group>";
		};
		0CE2617D21C5345100740582 /* Album */ = {
			isa = PBXGroup;
			children = (
				0CA365F721B26CF300E7D2F7 /* PJAlbumViewController.swift */,
			);
			path = Album;
			sourceTree = "<group>";
		};
		0CE2618021C541DC00740582 /* FocusView */ = {
			isa = PBXGroup;
			children = (
				0CE2618121C5420A00740582 /* PJAlbumCollectionFocusView.swift */,
				0CE2618521C5434000740582 /* PJAlbumCollectionFocusView.xib */,
			);
			path = FocusView;
			sourceTree = "<group>";
		};
		0CE4F3E621592C7C003AD0F5 = {
			isa = PBXGroup;
			children = (
				0CE4F3F121592C7C003AD0F5 /* PIGPEN */,
				0CE5C07621C00D7400A98566 /* PIGPENTests */,
				0CE4F3F021592C7C003AD0F5 /* Products */,
				71C7822EAE774E46944FBDC6 /* Pods */,
				772C67EFF054D7CA74FF8656 /* Frameworks */,
			);
			sourceTree = "<group>";
		};
		0CE4F3F021592C7C003AD0F5 /* Products */ = {
			isa = PBXGroup;
			children = (
				0CE4F3EF21592C7C003AD0F5 /* PIGPEN.app */,
				0CE5C07521C00D7400A98566 /* PIGPENTests.xctest */,
			);
			name = Products;
			sourceTree = "<group>";
		};
		0CE4F3F121592C7C003AD0F5 /* PIGPEN */ = {
			isa = PBXGroup;
			children = (
				0CE4F3F221592C7C003AD0F5 /* AppDelegate.swift */,
				0CE4F3FE21592C7D003AD0F5 /* LaunchScreen.storyboard */,
				0C55E2E0215A840C000D8815 /* Static */,
				0C55E2DB215A801F000D8815 /* Extension */,
				0C5E63502165AB9300A90762 /* Tool */,
				0C55E2F9215F5E14000D8815 /* Model */,
				0C55E2C3215A61AD000D8815 /* Page */,
				0C55E2D3215A78F4000D8815 /* Config */,
			);
			path = PIGPEN;
			sourceTree = "<group>";
		};
		0CE5C07621C00D7400A98566 /* PIGPENTests */ = {
			isa = PBXGroup;
			children = (
				0CE5C07721C00D7400A98566 /* PIGPENTests.swift */,
				0CE5C07921C00D7400A98566 /* Info.plist */,
			);
			path = PIGPENTests;
			sourceTree = "<group>";
		};
		0CEC156C225CCF11001F1533 /* IM */ = {
			isa = PBXGroup;
			children = (
				0CEC156D225CCF2D001F1533 /* PJIM.swift */,
			);
			path = IM;
			sourceTree = "<group>";
		};
		0CEC156F225CE347001F1533 /* IM */ = {
			isa = PBXGroup;
			children = (
				0C5B5D08225E324800392E21 /* Chat */,
				0C5B5CFD225DBEA100392E21 /* List */,
			);
			path = IM;
			sourceTree = "<group>";
		};
		0CED02DE219D456500294033 /* Create */ = {
			isa = PBXGroup;
			children = (
				0C599ECC21703C5200FC2E37 /* PJCreateRealPetViewController.swift */,
				0C599ECD21703C5200FC2E37 /* PJCreateRealPetViewController.xib */,
			);
			path = Create;
			sourceTree = "<group>";
		};
		0CED02DF219D457100294033 /* DogFood */ = {
			isa = PBXGroup;
			children = (
				0CED02E0219D45AC00294033 /* PJDogFoodViewController.swift */,
				0CED02E1219D45AC00294033 /* PJDogFoodViewController.xib */,
			);
			path = DogFood;
			sourceTree = "<group>";
		};
		0CED02E4219D50DE00294033 /* BaseAlertWindow */ = {
			isa = PBXGroup;
			children = (
				0CED02E5219D510F00294033 /* PJBaseAlertViewController.swift */,
			);
			path = BaseAlertWindow;
			sourceTree = "<group>";
		};
		0CED02E7219D585700294033 /* Alert */ = {
			isa = PBXGroup;
			children = (
				0CED02E8219D5A8400294033 /* PJAlertView.swift */,
			);
			path = Alert;
			sourceTree = "<group>";
		};
		71C7822EAE774E46944FBDC6 /* Pods */ = {
			isa = PBXGroup;
			children = (
				8BD192072D34D432799FE1CF /* Pods-PIGPEN.debug.xcconfig */,
				6472681005EABAD7037BD786 /* Pods-PIGPEN.release.xcconfig */,
			);
			name = Pods;
			sourceTree = "<group>";
		};
		772C67EFF054D7CA74FF8656 /* Frameworks */ = {
			isa = PBXGroup;
			children = (
				4E67D2961E371F2F024277FE /* Pods_PIGPEN.framework */,
			);
			name = Frameworks;
			sourceTree = "<group>";
		};
/* End PBXGroup section */

/* Begin PBXNativeTarget section */
		0CE4F3EE21592C7C003AD0F5 /* PIGPEN */ = {
			isa = PBXNativeTarget;
			buildConfigurationList = 0CE4F40421592C7D003AD0F5 /* Build configuration list for PBXNativeTarget "PIGPEN" */;
			buildPhases = (
				41E817E1EBBFF2D22596A6B6 /* [CP] Check Pods Manifest.lock */,
				0CE4F3EB21592C7C003AD0F5 /* Sources */,
				0CE4F3EC21592C7C003AD0F5 /* Frameworks */,
				0CE4F3ED21592C7C003AD0F5 /* Resources */,
				F495B411540F3851D3D00624 /* [CP] Embed Pods Frameworks */,
				A2C53DF0C2F5B0295E57F753 /* [CP] Copy Pods Resources */,
			);
			buildRules = (
			);
			dependencies = (
			);
			name = PIGPEN;
			productName = PIGPEN;
			productReference = 0CE4F3EF21592C7C003AD0F5 /* PIGPEN.app */;
			productType = "com.apple.product-type.application";
		};
		0CE5C07421C00D7400A98566 /* PIGPENTests */ = {
			isa = PBXNativeTarget;
			buildConfigurationList = 0CE5C07E21C00D7400A98566 /* Build configuration list for PBXNativeTarget "PIGPENTests" */;
			buildPhases = (
				0CE5C07121C00D7400A98566 /* Sources */,
				0CE5C07221C00D7400A98566 /* Frameworks */,
				0CE5C07321C00D7400A98566 /* Resources */,
			);
			buildRules = (
			);
			dependencies = (
				0CE5C07B21C00D7400A98566 /* PBXTargetDependency */,
			);
			name = PIGPENTests;
			productName = PIGPENTests;
			productReference = 0CE5C07521C00D7400A98566 /* PIGPENTests.xctest */;
			productType = "com.apple.product-type.bundle.unit-test";
		};
/* End PBXNativeTarget section */

/* Begin PBXProject section */
		0CE4F3E721592C7C003AD0F5 /* Project object */ = {
			isa = PBXProject;
			attributes = {
				LastSwiftUpdateCheck = 1010;
				LastUpgradeCheck = 0940;
				ORGANIZATIONNAME = PJHubs;
				TargetAttributes = {
					0CE4F3EE21592C7C003AD0F5 = {
						CreatedOnToolsVersion = 9.4;
					};
					0CE5C07421C00D7400A98566 = {
						CreatedOnToolsVersion = 10.1;
						TestTargetID = 0CE4F3EE21592C7C003AD0F5;
					};
				};
			};
			buildConfigurationList = 0CE4F3EA21592C7C003AD0F5 /* Build configuration list for PBXProject "PIGPEN" */;
			compatibilityVersion = "Xcode 9.3";
			developmentRegion = en;
			hasScannedForEncodings = 0;
			knownRegions = (
				en,
				Base,
				"zh-Hans",
			);
			mainGroup = 0CE4F3E621592C7C003AD0F5;
			productRefGroup = 0CE4F3F021592C7C003AD0F5 /* Products */;
			projectDirPath = "";
			projectRoot = "";
			targets = (
				0CE4F3EE21592C7C003AD0F5 /* PIGPEN */,
				0CE5C07421C00D7400A98566 /* PIGPENTests */,
			);
		};
/* End PBXProject section */

/* Begin PBXResourcesBuildPhase section */
		0CE4F3ED21592C7C003AD0F5 /* Resources */ = {
			isa = PBXResourcesBuildPhase;
			buildActionMask = 2147483647;
			files = (
				0CE4F40021592C7D003AD0F5 /* LaunchScreen.storyboard in Resources */,
				0C55E3022161B247000D8815 /* PJWelcomeViewController.xib in Resources */,
				0C599EDA2170407500FC2E37 /* PJUserDetailsMoneyTableViewCell.xib in Resources */,
				0C599EB8216CFE7A00FC2E37 /* PJRealPetDetailsViewController.xib in Resources */,
				0C599ECF21703C5200FC2E37 /* PJCreateRealPetViewController.xib in Resources */,
				0CED02E3219D45AC00294033 /* PJDogFoodViewController.xib in Resources */,
				0C599ECB21703BCB00FC2E37 /* PJVirtualPetViewController.xib in Resources */,
				0C55E2D7215A795A000D8815 /* Localizable.strings in Resources */,
				0C55E2F8215F570D000D8815 /* PJUserRegisterViewController.xib in Resources */,
				0C1F6FAB21B3924400304CD8 /* PJAlbumDetailCollectionViewCell.xib in Resources */,
				0C55E2EE215B7DB0000D8815 /* PJUserForgetViewController.xib in Resources */,
				0C1F6FB021B3925E00304CD8 /* PJAlbumTableViewCell.xib in Resources */,
				0CE4F3FD21592C7D003AD0F5 /* Assets.xcassets in Resources */,
				0C55E2E9215B703C000D8815 /* PJUserLoginViewController.xib in Resources */,
				0CC35DD421DF3B8C002244DA /* PJSegmentView.xib in Resources */,
				0C5B5D07225DBF1500392E21 /* PJIMMessageHomeTableViewCell.xib in Resources */,
				0C599ED621703CDA00FC2E37 /* PJCreateVirtualPetViewController.xib in Resources */,
				0C55E2F3215D2D76000D8815 /* PJUserInfoViewController.xib in Resources */,
				0CDB0C8F216705B000669331 /* PJUserSelfTableViewCell.xib in Resources */,
				0C599EE02170983D00FC2E37 /* PJCreateVirtualPetChoiceGenderViewController.xib in Resources */,
				0CE2618621C5434000740582 /* PJAlbumCollectionFocusView.xib in Resources */,
				0C599EE5217099E900FC2E37 /* PJUserCreateVirtualPetChoiceNameViewController.xib in Resources */,
				0CDB0C9D21675F7400669331 /* PJUserDetailsMenuView.xib in Resources */,
			);
			runOnlyForDeploymentPostprocessing = 0;
		};
		0CE5C07321C00D7400A98566 /* Resources */ = {
			isa = PBXResourcesBuildPhase;
			buildActionMask = 2147483647;
			files = (
			);
			runOnlyForDeploymentPostprocessing = 0;
		};
/* End PBXResourcesBuildPhase section */

/* Begin PBXShellScriptBuildPhase section */
		41E817E1EBBFF2D22596A6B6 /* [CP] Check Pods Manifest.lock */ = {
			isa = PBXShellScriptBuildPhase;
			buildActionMask = 2147483647;
			files = (
			);
			inputPaths = (
				"${PODS_PODFILE_DIR_PATH}/Podfile.lock",
				"${PODS_ROOT}/Manifest.lock",
			);
			name = "[CP] Check Pods Manifest.lock";
			outputPaths = (
				"$(DERIVED_FILE_DIR)/Pods-PIGPEN-checkManifestLockResult.txt",
			);
			runOnlyForDeploymentPostprocessing = 0;
			shellPath = /bin/sh;
			shellScript = "diff \"${PODS_PODFILE_DIR_PATH}/Podfile.lock\" \"${PODS_ROOT}/Manifest.lock\" > /dev/null\nif [ $? != 0 ] ; then\n    # print error to STDERR\n    echo \"error: The sandbox is not in sync with the Podfile.lock. Run 'pod install' or update your CocoaPods installation.\" >&2\n    exit 1\nfi\n# This output is used by Xcode 'outputs' to avoid re-running this script phase.\necho \"SUCCESS\" > \"${SCRIPT_OUTPUT_FILE_0}\"\n";
			showEnvVarsInLog = 0;
		};
		A2C53DF0C2F5B0295E57F753 /* [CP] Copy Pods Resources */ = {
			isa = PBXShellScriptBuildPhase;
			buildActionMask = 2147483647;
			files = (
			);
			inputPaths = (
				"${SRCROOT}/Pods/Target Support Files/Pods-PIGPEN/Pods-PIGPEN-resources.sh",
				"${PODS_ROOT}/RongCloudIM/RongCloudIM/RCConfig.plist",
			);
			name = "[CP] Copy Pods Resources";
			outputPaths = (
				"${TARGET_BUILD_DIR}/${UNLOCALIZED_RESOURCES_FOLDER_PATH}/RCConfig.plist",
			);
			runOnlyForDeploymentPostprocessing = 0;
			shellPath = /bin/sh;
			shellScript = "\"${SRCROOT}/Pods/Target Support Files/Pods-PIGPEN/Pods-PIGPEN-resources.sh\"\n";
			showEnvVarsInLog = 0;
		};
		F495B411540F3851D3D00624 /* [CP] Embed Pods Frameworks */ = {
			isa = PBXShellScriptBuildPhase;
			buildActionMask = 2147483647;
			files = (
			);
			inputPaths = (
				"${SRCROOT}/Pods/Target Support Files/Pods-PIGPEN/Pods-PIGPEN-frameworks.sh",
				"${BUILT_PRODUCTS_DIR}/Alamofire/Alamofire.framework",
				"${BUILT_PRODUCTS_DIR}/CryptoSwift/CryptoSwift.framework",
				"${BUILT_PRODUCTS_DIR}/HappyDNS/HappyDNS.framework",
				"${BUILT_PRODUCTS_DIR}/IQKeyboardManagerSwift/IQKeyboardManagerSwift.framework",
				"${BUILT_PRODUCTS_DIR}/Kingfisher/Kingfisher.framework",
				"${BUILT_PRODUCTS_DIR}/MessengerKit/MessengerKit.framework",
				"${BUILT_PRODUCTS_DIR}/Qiniu/Qiniu.framework",
				"${BUILT_PRODUCTS_DIR}/Schedule/Schedule.framework",
				"${BUILT_PRODUCTS_DIR}/SwiftyJSON/SwiftyJSON.framework",
			);
			name = "[CP] Embed Pods Frameworks";
			outputPaths = (
				"${TARGET_BUILD_DIR}/${FRAMEWORKS_FOLDER_PATH}/Alamofire.framework",
				"${TARGET_BUILD_DIR}/${FRAMEWORKS_FOLDER_PATH}/CryptoSwift.framework",
				"${TARGET_BUILD_DIR}/${FRAMEWORKS_FOLDER_PATH}/HappyDNS.framework",
				"${TARGET_BUILD_DIR}/${FRAMEWORKS_FOLDER_PATH}/IQKeyboardManagerSwift.framework",
				"${TARGET_BUILD_DIR}/${FRAMEWORKS_FOLDER_PATH}/Kingfisher.framework",
				"${TARGET_BUILD_DIR}/${FRAMEWORKS_FOLDER_PATH}/MessengerKit.framework",
				"${TARGET_BUILD_DIR}/${FRAMEWORKS_FOLDER_PATH}/Qiniu.framework",
				"${TARGET_BUILD_DIR}/${FRAMEWORKS_FOLDER_PATH}/Schedule.framework",
				"${TARGET_BUILD_DIR}/${FRAMEWORKS_FOLDER_PATH}/SwiftyJSON.framework",
			);
			runOnlyForDeploymentPostprocessing = 0;
			shellPath = /bin/sh;
			shellScript = "\"${SRCROOT}/Pods/Target Support Files/Pods-PIGPEN/Pods-PIGPEN-frameworks.sh\"\n";
			showEnvVarsInLog = 0;
		};
/* End PBXShellScriptBuildPhase section */

/* Begin PBXSourcesBuildPhase section */
		0CE4F3EB21592C7C003AD0F5 /* Sources */ = {
			isa = PBXSourcesBuildPhase;
			buildActionMask = 2147483647;
			files = (
				0C599ECA21703BCB00FC2E37 /* PJVirtualPetViewController.swift in Sources */,
				0CED02E9219D5A8400294033 /* PJAlertView.swift in Sources */,
				0C0A54A6216B977E00195DF1 /* RealPet.swift in Sources */,
				0C55E2E8215B703C000D8815 /* PJUserLoginViewController.swift in Sources */,
				0CDB0C9B21675F6E00669331 /* PJUserDetailsMenuView.swift in Sources */,
				0C599EEB2171C00200FC2E37 /* VirtualPet.swift in Sources */,
				0C5B5D06225DBF1500392E21 /* PJIMMessageHomeTableViewCell.swift in Sources */,
				0C599EB7216CFE7A00FC2E37 /* PJRealPetDetailsViewController.swift in Sources */,
				0C0A54AC216CF64600195DF1 /* PJUserDetailRealPetTableViewCell.swift in Sources */,
				0C8B755D2196FF8B00353842 /* PJBreedsSideSliderView.swift in Sources */,
				0C55E2E2215A8422000D8815 /* PJStatic.swift in Sources */,
				0C5E63532165ADF500A90762 /* NotificationName.swift in Sources */,
				0CC35DD021DD0BC8002244DA /* Date.swift in Sources */,
				0CC35DAB21D0BC35002244DA /* PJGradeYesterdayViewController.swift in Sources */,
				0C1F6FAF21B3925E00304CD8 /* PJAlbumTableViewCell.swift in Sources */,
				0C599ECE21703C5200FC2E37 /* PJCreateRealPetViewController.swift in Sources */,
				0C55E2CE215A62BE000D8815 /* PJPlayViewController.swift in Sources */,
				0CEC1571225CE363001F1533 /* PJIMChatViewController.swift in Sources */,
				0CC35DCE21DCFFDC002244DA /* PJImageUpload.swift in Sources */,
				0CE4F3F321592C7C003AD0F5 /* AppDelegate.swift in Sources */,
				0C55E2F2215D2D76000D8815 /* PJUserInfoViewController.swift in Sources */,
				0C5E634021635FA500A90762 /* PJNetworkUrls.swift in Sources */,
				0C1F6FAA21B3924400304CD8 /* PJAlbumDetailCollectionViewCell.swift in Sources */,
				0C1F6FB421B392EF00304CD8 /* PJAlbumDataController.swift in Sources */,
				0C5B5D01225DBEE400392E21 /* PJIMMessageHomeTableView.swift in Sources */,
				0CDB0C90216705B000669331 /* PJUserSelfTableViewCell.swift in Sources */,
				0C55E3082161BAB6000D8815 /* PJBaseViewController.swift in Sources */,
				0C599ED521703CDA00FC2E37 /* PJCreateVirtualPetViewController.swift in Sources */,
				0C55E2DD215A8055000D8815 /* TabBar.swift in Sources */,
				0C5E634D2165A5F800A90762 /* PJSmallHUD.swift in Sources */,
				0C5E633B21624D1F00A90762 /* PJUserInfoAvatarSelectCollectionView.swift in Sources */,
				0C5E63392162444400A90762 /* PJUserInfoSeleteAvatarView.swift in Sources */,
				0CC35DD221DF39E7002244DA /* PJSegmentView.swift in Sources */,
				0C599EC3217032A000FC2E37 /* PJUserDetailsVirtualPetTableViewCell.swift in Sources */,
				0CED02E2219D45AC00294033 /* PJDogFoodViewController.swift in Sources */,
				0C5E633E216309C300A90762 /* PJNetwork.swift in Sources */,
				0CC35DDD21E637E8002244DA /* PJCalloutView.swift in Sources */,
				0CC35DAD21D0BC43002244DA /* PJGradeWeekViewController.swift in Sources */,
				0CED02E6219D510F00294033 /* PJBaseAlertViewController.swift in Sources */,
				0CA365F821B26CF300E7D2F7 /* PJAlbumViewController.swift in Sources */,
				0C8B75592196934000353842 /* PJMessageViewController.swift in Sources */,
				0CE2616821C500AF00740582 /* PJAlbumCollectiionFlowLayout.swift in Sources */,
				0CC35DD921DF7025002244DA /* PJWaveView.swift in Sources */,
				0CE4F3FB21592C7C003AD0F5 /* PIGPEN.xcdatamodeld in Sources */,
				0CEC156E225CCF2D001F1533 /* PJIM.swift in Sources */,
				0C55E2FC215F5EA9000D8815 /* PJUser.swift in Sources */,
				0C55E2F7215F570D000D8815 /* PJUserRegisterViewController.swift in Sources */,
				0C55E30A2162190B000D8815 /* CALayer_UIColor.swift in Sources */,
				0C8B75622198126D00353842 /* PJPickerView.swift in Sources */,
				0C599EDF2170983D00FC2E37 /* PJCreateVirtualPetChoiceGenderViewController.swift in Sources */,
				0C55E2D2215A62CD000D8815 /* PJUserDetailsViewController.swift in Sources */,
				0C599ED92170407500FC2E37 /* PJUserDetailsMoneyTableViewCell.swift in Sources */,
				0C5E63482164FE3900A90762 /* UIColor_Custom.swift in Sources */,
				0C5E634F2165AB8C00A90762 /* PJTapic.swift in Sources */,
				0C5E634321644F7900A90762 /* String_time.swift in Sources */,
				0C55E2ED215B7DB0000D8815 /* PJUserForgetViewController.swift in Sources */,
				0CE2618221C5420A00740582 /* PJAlbumCollectionFocusView.swift in Sources */,
				0CDB0C972167299A00669331 /* PJUserDetailsTableView.swift in Sources */,
				0C55E2E4215A84EA000D8815 /* UIViewPosition.swift in Sources */,
				0C1F6FA421B391E500304CD8 /* PJAlbumTableView.swift in Sources */,
				0CC35DA221D0BAF6002244DA /* PJGradeViewController.swift in Sources */,
				0CC35DD621DF653C002244DA /* YXWaveView.swift in Sources */,
				0C0A54AD216CF64600195DF1 /* PJUserDateilsRealPetColletionView.swift in Sources */,
				0C5E634B2165A57200A90762 /* PJBigHUD.swift in Sources */,
				0C55E3012161B247000D8815 /* PJWelcomeViewController.swift in Sources */,
				0C599EE4217099E900FC2E37 /* PJUserCreateVirtualPetChoiceNameViewController.swift in Sources */,
				0C1F6FA621B3920500304CD8 /* PJAlbumDetailCollectionView.swift in Sources */,
				0C599EC72170354100FC2E37 /* PJUserDetailsVirtualPetCollectionView.swift in Sources */,
				0C55E2C5215A61E3000D8815 /* PJHomeViewController.swift in Sources */,
				0C55E2D0215A62C7000D8815 /* PJBreedsViewController.swift in Sources */,
				0C5E6337216241CF00A90762 /* PJBaseTipsView.swift in Sources */,
				0CE2617F21C5346800740582 /* PJAlbumDetailsViewController.swift in Sources */,
			);
			runOnlyForDeploymentPostprocessing = 0;
		};
		0CE5C07121C00D7400A98566 /* Sources */ = {
			isa = PBXSourcesBuildPhase;
			buildActionMask = 2147483647;
			files = (
				0CE5C07821C00D7400A98566 /* PIGPENTests.swift in Sources */,
				0CE5C07F21C00D8800A98566 /* PJAlbumDataController.swift in Sources */,
			);
			runOnlyForDeploymentPostprocessing = 0;
		};
/* End PBXSourcesBuildPhase section */

/* Begin PBXTargetDependency section */
		0CE5C07B21C00D7400A98566 /* PBXTargetDependency */ = {
			isa = PBXTargetDependency;
			target = 0CE4F3EE21592C7C003AD0F5 /* PIGPEN */;
			targetProxy = 0CE5C07A21C00D7400A98566 /* PBXContainerItemProxy */;
		};
/* End PBXTargetDependency section */

/* Begin PBXVariantGroup section */
		0C55E2D9215A795A000D8815 /* Localizable.strings */ = {
			isa = PBXVariantGroup;
			children = (
				0C55E2D8215A795A000D8815 /* en */,
				0C55E2DA215A79A9000D8815 /* zh-Hans */,
			);
			name = Localizable.strings;
			sourceTree = "<group>";
		};
		0CE4F3FE21592C7D003AD0F5 /* LaunchScreen.storyboard */ = {
			isa = PBXVariantGroup;
			children = (
				0CE4F3FF21592C7D003AD0F5 /* Base */,
			);
			name = LaunchScreen.storyboard;
			sourceTree = "<group>";
		};
/* End PBXVariantGroup section */

/* Begin XCBuildConfiguration section */
		0CE4F40221592C7D003AD0F5 /* Debug */ = {
			isa = XCBuildConfiguration;
			buildSettings = {
				ALWAYS_SEARCH_USER_PATHS = NO;
				CLANG_ANALYZER_LOCALIZABILITY_NONLOCALIZED = YES;
				CLANG_ANALYZER_NONNULL = YES;
				CLANG_ANALYZER_NUMBER_OBJECT_CONVERSION = YES_AGGRESSIVE;
				CLANG_CXX_LANGUAGE_STANDARD = "gnu++14";
				CLANG_CXX_LIBRARY = "libc++";
				CLANG_ENABLE_MODULES = YES;
				CLANG_ENABLE_OBJC_ARC = YES;
				CLANG_ENABLE_OBJC_WEAK = YES;
				CLANG_WARN_BLOCK_CAPTURE_AUTORELEASING = YES;
				CLANG_WARN_BOOL_CONVERSION = YES;
				CLANG_WARN_COMMA = YES;
				CLANG_WARN_CONSTANT_CONVERSION = YES;
				CLANG_WARN_DEPRECATED_OBJC_IMPLEMENTATIONS = YES;
				CLANG_WARN_DIRECT_OBJC_ISA_USAGE = YES_ERROR;
				CLANG_WARN_DOCUMENTATION_COMMENTS = YES;
				CLANG_WARN_EMPTY_BODY = YES;
				CLANG_WARN_ENUM_CONVERSION = YES;
				CLANG_WARN_INFINITE_RECURSION = YES;
				CLANG_WARN_INT_CONVERSION = YES;
				CLANG_WARN_NON_LITERAL_NULL_CONVERSION = YES;
				CLANG_WARN_OBJC_IMPLICIT_RETAIN_SELF = YES;
				CLANG_WARN_OBJC_LITERAL_CONVERSION = YES;
				CLANG_WARN_OBJC_ROOT_CLASS = YES_ERROR;
				CLANG_WARN_RANGE_LOOP_ANALYSIS = YES;
				CLANG_WARN_STRICT_PROTOTYPES = YES;
				CLANG_WARN_SUSPICIOUS_MOVE = YES;
				CLANG_WARN_UNGUARDED_AVAILABILITY = YES_AGGRESSIVE;
				CLANG_WARN_UNREACHABLE_CODE = YES;
				CLANG_WARN__DUPLICATE_METHOD_MATCH = YES;
				CODE_SIGN_IDENTITY = "iPhone Developer";
				COPY_PHASE_STRIP = NO;
				DEBUG_INFORMATION_FORMAT = dwarf;
				ENABLE_STRICT_OBJC_MSGSEND = YES;
				ENABLE_TESTABILITY = YES;
				GCC_C_LANGUAGE_STANDARD = gnu11;
				GCC_DYNAMIC_NO_PIC = NO;
				GCC_NO_COMMON_BLOCKS = YES;
				GCC_OPTIMIZATION_LEVEL = 0;
				GCC_PREPROCESSOR_DEFINITIONS = (
					"DEBUG=1",
					"$(inherited)",
				);
				GCC_WARN_64_TO_32_BIT_CONVERSION = YES;
				GCC_WARN_ABOUT_RETURN_TYPE = YES_ERROR;
				GCC_WARN_UNDECLARED_SELECTOR = YES;
				GCC_WARN_UNINITIALIZED_AUTOS = YES_AGGRESSIVE;
				GCC_WARN_UNUSED_FUNCTION = YES;
				GCC_WARN_UNUSED_VARIABLE = YES;
				IPHONEOS_DEPLOYMENT_TARGET = 11.4;
				MTL_ENABLE_DEBUG_INFO = YES;
				ONLY_ACTIVE_ARCH = YES;
				SDKROOT = iphoneos;
				SWIFT_ACTIVE_COMPILATION_CONDITIONS = DEBUG;
				SWIFT_OPTIMIZATION_LEVEL = "-Onone";
			};
			name = Debug;
		};
		0CE4F40321592C7D003AD0F5 /* Release */ = {
			isa = XCBuildConfiguration;
			buildSettings = {
				ALWAYS_SEARCH_USER_PATHS = NO;
				CLANG_ANALYZER_LOCALIZABILITY_NONLOCALIZED = YES;
				CLANG_ANALYZER_NONNULL = YES;
				CLANG_ANALYZER_NUMBER_OBJECT_CONVERSION = YES_AGGRESSIVE;
				CLANG_CXX_LANGUAGE_STANDARD = "gnu++14";
				CLANG_CXX_LIBRARY = "libc++";
				CLANG_ENABLE_MODULES = YES;
				CLANG_ENABLE_OBJC_ARC = YES;
				CLANG_ENABLE_OBJC_WEAK = YES;
				CLANG_WARN_BLOCK_CAPTURE_AUTORELEASING = YES;
				CLANG_WARN_BOOL_CONVERSION = YES;
				CLANG_WARN_COMMA = YES;
				CLANG_WARN_CONSTANT_CONVERSION = YES;
				CLANG_WARN_DEPRECATED_OBJC_IMPLEMENTATIONS = YES;
				CLANG_WARN_DIRECT_OBJC_ISA_USAGE = YES_ERROR;
				CLANG_WARN_DOCUMENTATION_COMMENTS = YES;
				CLANG_WARN_EMPTY_BODY = YES;
				CLANG_WARN_ENUM_CONVERSION = YES;
				CLANG_WARN_INFINITE_RECURSION = YES;
				CLANG_WARN_INT_CONVERSION = YES;
				CLANG_WARN_NON_LITERAL_NULL_CONVERSION = YES;
				CLANG_WARN_OBJC_IMPLICIT_RETAIN_SELF = YES;
				CLANG_WARN_OBJC_LITERAL_CONVERSION = YES;
				CLANG_WARN_OBJC_ROOT_CLASS = YES_ERROR;
				CLANG_WARN_RANGE_LOOP_ANALYSIS = YES;
				CLANG_WARN_STRICT_PROTOTYPES = YES;
				CLANG_WARN_SUSPICIOUS_MOVE = YES;
				CLANG_WARN_UNGUARDED_AVAILABILITY = YES_AGGRESSIVE;
				CLANG_WARN_UNREACHABLE_CODE = YES;
				CLANG_WARN__DUPLICATE_METHOD_MATCH = YES;
				CODE_SIGN_IDENTITY = "iPhone Developer";
				COPY_PHASE_STRIP = NO;
				DEBUG_INFORMATION_FORMAT = "dwarf-with-dsym";
				ENABLE_NS_ASSERTIONS = NO;
				ENABLE_STRICT_OBJC_MSGSEND = YES;
				GCC_C_LANGUAGE_STANDARD = gnu11;
				GCC_NO_COMMON_BLOCKS = YES;
				GCC_WARN_64_TO_32_BIT_CONVERSION = YES;
				GCC_WARN_ABOUT_RETURN_TYPE = YES_ERROR;
				GCC_WARN_UNDECLARED_SELECTOR = YES;
				GCC_WARN_UNINITIALIZED_AUTOS = YES_AGGRESSIVE;
				GCC_WARN_UNUSED_FUNCTION = YES;
				GCC_WARN_UNUSED_VARIABLE = YES;
				IPHONEOS_DEPLOYMENT_TARGET = 11.4;
				MTL_ENABLE_DEBUG_INFO = NO;
				SDKROOT = iphoneos;
				SWIFT_COMPILATION_MODE = wholemodule;
				SWIFT_OPTIMIZATION_LEVEL = "-O";
				VALIDATE_PRODUCT = YES;
			};
			name = Release;
		};
		0CE4F40521592C7D003AD0F5 /* Debug */ = {
			isa = XCBuildConfiguration;
			baseConfigurationReference = 8BD192072D34D432799FE1CF /* Pods-PIGPEN.debug.xcconfig */;
			buildSettings = {
				ASSETCATALOG_COMPILER_APPICON_NAME = AppIcon;
				CODE_SIGN_STYLE = Automatic;
				DEVELOPMENT_TEAM = 84786A7HGQ;
				INFOPLIST_FILE = "$(SRCROOT)/PIGPEN/Config/Info.plist";
				IPHONEOS_DEPLOYMENT_TARGET = 11.0;
				LD_RUNPATH_SEARCH_PATHS = (
					"$(inherited)",
					"@executable_path/Frameworks",
				);
				PRODUCT_BUNDLE_IDENTIFIER = com.pjhubs.PIGPEN;
				PRODUCT_NAME = "$(TARGET_NAME)";
				SWIFT_OBJC_BRIDGING_HEADER = "${SRCROOT}/PIGPEN/Config/PIGPEN_bridge.h";
				SWIFT_VERSION = 4.2;
				TARGETED_DEVICE_FAMILY = 1;
			};
			name = Debug;
		};
		0CE4F40621592C7D003AD0F5 /* Release */ = {
			isa = XCBuildConfiguration;
			baseConfigurationReference = 6472681005EABAD7037BD786 /* Pods-PIGPEN.release.xcconfig */;
			buildSettings = {
				ASSETCATALOG_COMPILER_APPICON_NAME = AppIcon;
				CODE_SIGN_STYLE = Automatic;
				DEVELOPMENT_TEAM = 84786A7HGQ;
				INFOPLIST_FILE = "$(SRCROOT)/PIGPEN/Config/Info.plist";
				IPHONEOS_DEPLOYMENT_TARGET = 11.0;
				LD_RUNPATH_SEARCH_PATHS = (
					"$(inherited)",
					"@executable_path/Frameworks",
				);
				PRODUCT_BUNDLE_IDENTIFIER = com.pjhubs.PIGPEN;
				PRODUCT_NAME = "$(TARGET_NAME)";
				SWIFT_OBJC_BRIDGING_HEADER = "${SRCROOT}/PIGPEN/Config/PIGPEN_bridge.h";
				SWIFT_VERSION = 4.2;
				TARGETED_DEVICE_FAMILY = 1;
			};
			name = Release;
		};
		0CE5C07C21C00D7400A98566 /* Debug */ = {
			isa = XCBuildConfiguration;
			buildSettings = {
				BUNDLE_LOADER = "$(TEST_HOST)";
				CODE_SIGN_STYLE = Automatic;
				DEVELOPMENT_TEAM = 84786A7HGQ;
				INFOPLIST_FILE = PIGPENTests/Info.plist;
				IPHONEOS_DEPLOYMENT_TARGET = 12.1;
				LD_RUNPATH_SEARCH_PATHS = (
					"$(inherited)",
					"@executable_path/Frameworks",
					"@loader_path/Frameworks",
				);
				MTL_ENABLE_DEBUG_INFO = INCLUDE_SOURCE;
				MTL_FAST_MATH = YES;
				PRODUCT_BUNDLE_IDENTIFIER = com.pjhubs.PIGPENTests;
				PRODUCT_NAME = "$(TARGET_NAME)";
				SWIFT_VERSION = 4.2;
				TARGETED_DEVICE_FAMILY = "1,2";
				TEST_HOST = "$(BUILT_PRODUCTS_DIR)/PIGPEN.app/PIGPEN";
			};
			name = Debug;
		};
		0CE5C07D21C00D7400A98566 /* Release */ = {
			isa = XCBuildConfiguration;
			buildSettings = {
				BUNDLE_LOADER = "$(TEST_HOST)";
				CODE_SIGN_STYLE = Automatic;
				DEVELOPMENT_TEAM = 84786A7HGQ;
				INFOPLIST_FILE = PIGPENTests/Info.plist;
				IPHONEOS_DEPLOYMENT_TARGET = 12.1;
				LD_RUNPATH_SEARCH_PATHS = (
					"$(inherited)",
					"@executable_path/Frameworks",
					"@loader_path/Frameworks",
				);
				MTL_FAST_MATH = YES;
				PRODUCT_BUNDLE_IDENTIFIER = com.pjhubs.PIGPENTests;
				PRODUCT_NAME = "$(TARGET_NAME)";
				SWIFT_VERSION = 4.2;
				TARGETED_DEVICE_FAMILY = "1,2";
				TEST_HOST = "$(BUILT_PRODUCTS_DIR)/PIGPEN.app/PIGPEN";
			};
			name = Release;
		};
/* End XCBuildConfiguration section */

/* Begin XCConfigurationList section */
		0CE4F3EA21592C7C003AD0F5 /* Build configuration list for PBXProject "PIGPEN" */ = {
			isa = XCConfigurationList;
			buildConfigurations = (
				0CE4F40221592C7D003AD0F5 /* Debug */,
				0CE4F40321592C7D003AD0F5 /* Release */,
			);
			defaultConfigurationIsVisible = 0;
			defaultConfigurationName = Release;
		};
		0CE4F40421592C7D003AD0F5 /* Build configuration list for PBXNativeTarget "PIGPEN" */ = {
			isa = XCConfigurationList;
			buildConfigurations = (
				0CE4F40521592C7D003AD0F5 /* Debug */,
				0CE4F40621592C7D003AD0F5 /* Release */,
			);
			defaultConfigurationIsVisible = 0;
			defaultConfigurationName = Release;
		};
		0CE5C07E21C00D7400A98566 /* Build configuration list for PBXNativeTarget "PIGPENTests" */ = {
			isa = XCConfigurationList;
			buildConfigurations = (
				0CE5C07C21C00D7400A98566 /* Debug */,
				0CE5C07D21C00D7400A98566 /* Release */,
			);
			defaultConfigurationIsVisible = 0;
			defaultConfigurationName = Release;
		};
/* End XCConfigurationList section */

/* Begin XCVersionGroup section */
		0CE4F3F921592C7C003AD0F5 /* PIGPEN.xcdatamodeld */ = {
			isa = XCVersionGroup;
			children = (
				0CE4F3FA21592C7C003AD0F5 /* PIGPEN.xcdatamodel */,
			);
			currentVersion = 0CE4F3FA21592C7C003AD0F5 /* PIGPEN.xcdatamodel */;
			path = PIGPEN.xcdatamodeld;
			sourceTree = "<group>";
			versionGroupType = wrapper.xcdatamodel;
		};
/* End XCVersionGroup section */
	};
	rootObject = 0CE4F3E721592C7C003AD0F5 /* Project object */;
}
